// !$*UTF8*$!
{
	archiveVersion = 1;
	classes = {
	};
	objectVersion = 46;
	objects = {

/* Begin PBXBuildFile section */
		AE111F9717CED91D00254EF4 /* libTestFlight.a in Frameworks */ = {isa = PBXBuildFile; fileRef = AE111F9117CED91D00254EF4 /* libTestFlight.a */; };
		AE111F9817CED91D00254EF4 /* README.md in Resources */ = {isa = PBXBuildFile; fileRef = AE111F9217CED91D00254EF4 /* README.md */; };
		AE111F9917CED91D00254EF4 /* release_notes.md in Resources */ = {isa = PBXBuildFile; fileRef = AE111F9317CED91D00254EF4 /* release_notes.md */; };
		AE111F9B17CED99900254EF4 /* libz.dylib in Frameworks */ = {isa = PBXBuildFile; fileRef = AE111F9A17CED99900254EF4 /* libz.dylib */; };
		AE111FA117CEE81500254EF4 /* icon.png in Resources */ = {isa = PBXBuildFile; fileRef = AE111FA017CEE81500254EF4 /* icon.png */; };
		AE111FA317CEE81B00254EF4 /* icon@2x.png in Resources */ = {isa = PBXBuildFile; fileRef = AE111FA217CEE81B00254EF4 /* icon@2x.png */; };
		AE111FA817D0024400254EF4 /* twitter.png in Resources */ = {isa = PBXBuildFile; fileRef = AE111FA417D0024300254EF4 /* twitter.png */; };
		AE111FA917D0024400254EF4 /* twitter@2x.png in Resources */ = {isa = PBXBuildFile; fileRef = AE111FA517D0024300254EF4 /* twitter@2x.png */; };
		AE111FAA17D0024400254EF4 /* website.png in Resources */ = {isa = PBXBuildFile; fileRef = AE111FA617D0024300254EF4 /* website.png */; };
		AE111FAB17D0024400254EF4 /* website@2x.png in Resources */ = {isa = PBXBuildFile; fileRef = AE111FA717D0024300254EF4 /* website@2x.png */; };
		AE111FAE17D0036300254EF4 /* InfoVC.m in Sources */ = {isa = PBXBuildFile; fileRef = AE111FAD17D0036300254EF4 /* InfoVC.m */; };
		AE111FB117D019B500254EF4 /* mail.png in Resources */ = {isa = PBXBuildFile; fileRef = AE111FAF17D019B500254EF4 /* mail.png */; };
		AE111FB217D019B500254EF4 /* mail@2x.png in Resources */ = {isa = PBXBuildFile; fileRef = AE111FB017D019B500254EF4 /* mail@2x.png */; };
		AE111FB417D01FE700254EF4 /* MessageUI.framework in Frameworks */ = {isa = PBXBuildFile; fileRef = AE111FB317D01FE700254EF4 /* MessageUI.framework */; };
		AE5208AA17C054AE002CFFD7 /* minus.png in Resources */ = {isa = PBXBuildFile; fileRef = AE5208A817C054AE002CFFD7 /* minus.png */; };
		AE5208B217C0FF63002CFFD7 /* minus@2x.png in Resources */ = {isa = PBXBuildFile; fileRef = AE5208AE17C0FF63002CFFD7 /* minus@2x.png */; };
		AE5208B317C0FF63002CFFD7 /* play.png in Resources */ = {isa = PBXBuildFile; fileRef = AE5208AF17C0FF63002CFFD7 /* play.png */; };
		AE5208B417C0FF63002CFFD7 /* plus.png in Resources */ = {isa = PBXBuildFile; fileRef = AE5208B017C0FF63002CFFD7 /* plus.png */; };
		AE5208B517C0FF63002CFFD7 /* plus@2x.png in Resources */ = {isa = PBXBuildFile; fileRef = AE5208B117C0FF63002CFFD7 /* plus@2x.png */; };
		AE5208B817C100D2002CFFD7 /* pause.png in Resources */ = {isa = PBXBuildFile; fileRef = AE5208B617C100D2002CFFD7 /* pause.png */; };
		AE5208B917C100D2002CFFD7 /* play@2x.png in Resources */ = {isa = PBXBuildFile; fileRef = AE5208B717C100D2002CFFD7 /* play@2x.png */; };
		AE5208BB17C102C3002CFFD7 /* bell.png in Resources */ = {isa = PBXBuildFile; fileRef = AE5208BA17C102C3002CFFD7 /* bell.png */; };
		AE5208BE17C10B8C002CFFD7 /* stop.png in Resources */ = {isa = PBXBuildFile; fileRef = AE5208BC17C10B8C002CFFD7 /* stop.png */; };
		AE5208BF17C10B8C002CFFD7 /* stop@2x.png in Resources */ = {isa = PBXBuildFile; fileRef = AE5208BD17C10B8C002CFFD7 /* stop@2x.png */; };
		AE5208C117C10CE4002CFFD7 /* pause@2x.png in Resources */ = {isa = PBXBuildFile; fileRef = AE5208C017C10CE4002CFFD7 /* pause@2x.png */; };
		AE5208C317C10CF6002CFFD7 /* bell@2x.png in Resources */ = {isa = PBXBuildFile; fileRef = AE5208C217C10CF6002CFFD7 /* bell@2x.png */; };
		AE5208C617C11714002CFFD7 /* back.png in Resources */ = {isa = PBXBuildFile; fileRef = AE5208C417C11714002CFFD7 /* back.png */; };
		AE5208C717C11714002CFFD7 /* back@2x.png in Resources */ = {isa = PBXBuildFile; fileRef = AE5208C517C11714002CFFD7 /* back@2x.png */; };
		AE5208CF17C16FFA002CFFD7 /* QuartzCore.framework in Frameworks */ = {isa = PBXBuildFile; fileRef = AE5208CE17C16FFA002CFFD7 /* QuartzCore.framework */; };
		AE5208D317C17034002CFFD7 /* Toast+UIView.m in Sources */ = {isa = PBXBuildFile; fileRef = AE5208D217C17034002CFFD7 /* Toast+UIView.m */; settings = {COMPILER_FLAGS = "-fno-objc-arc"; }; };
		AE7223A917BDAB65003B60A5 /* UIKit.framework in Frameworks */ = {isa = PBXBuildFile; fileRef = AE7223A817BDAB65003B60A5 /* UIKit.framework */; };
		AE7223AB17BDAB65003B60A5 /* Foundation.framework in Frameworks */ = {isa = PBXBuildFile; fileRef = AE7223AA17BDAB65003B60A5 /* Foundation.framework */; };
		AE7223AD17BDAB65003B60A5 /* CoreGraphics.framework in Frameworks */ = {isa = PBXBuildFile; fileRef = AE7223AC17BDAB65003B60A5 /* CoreGraphics.framework */; };
		AE7223AF17BDAB65003B60A5 /* CoreData.framework in Frameworks */ = {isa = PBXBuildFile; fileRef = AE7223AE17BDAB65003B60A5 /* CoreData.framework */; };
		AE7223B517BDAB66003B60A5 /* InfoPlist.strings in Resources */ = {isa = PBXBuildFile; fileRef = AE7223B317BDAB66003B60A5 /* InfoPlist.strings */; };
		AE7223B717BDAB66003B60A5 /* main.m in Sources */ = {isa = PBXBuildFile; fileRef = AE7223B617BDAB66003B60A5 /* main.m */; };
		AE7223BB17BDAB66003B60A5 /* AppDelegate.m in Sources */ = {isa = PBXBuildFile; fileRef = AE7223BA17BDAB66003B60A5 /* AppDelegate.m */; };
		AE7223C417BDAB66003B60A5 /* Toastmasters_Timer.xcdatamodeld in Sources */ = {isa = PBXBuildFile; fileRef = AE7223C217BDAB66003B60A5 /* Toastmasters_Timer.xcdatamodeld */; };
		AE7223CC17BDAB66003B60A5 /* SenTestingKit.framework in Frameworks */ = {isa = PBXBuildFile; fileRef = AE7223CB17BDAB66003B60A5 /* SenTestingKit.framework */; };
		AE7223CD17BDAB66003B60A5 /* UIKit.framework in Frameworks */ = {isa = PBXBuildFile; fileRef = AE7223A817BDAB65003B60A5 /* UIKit.framework */; };
		AE7223CE17BDAB66003B60A5 /* Foundation.framework in Frameworks */ = {isa = PBXBuildFile; fileRef = AE7223AA17BDAB65003B60A5 /* Foundation.framework */; };
		AE7223CF17BDAB66003B60A5 /* CoreData.framework in Frameworks */ = {isa = PBXBuildFile; fileRef = AE7223AE17BDAB65003B60A5 /* CoreData.framework */; };
		AE7223D717BDAB66003B60A5 /* InfoPlist.strings in Resources */ = {isa = PBXBuildFile; fileRef = AE7223D517BDAB66003B60A5 /* InfoPlist.strings */; };
		AE7223DA17BDAB66003B60A5 /* Toastmasters_TimerTests.m in Sources */ = {isa = PBXBuildFile; fileRef = AE7223D917BDAB66003B60A5 /* Toastmasters_TimerTests.m */; };
		AE7223E417BDABCA003B60A5 /* Storyboard.storyboard in Resources */ = {isa = PBXBuildFile; fileRef = AE7223E317BDABCA003B60A5 /* Storyboard.storyboard */; };
		AE7223E717BDAC8B003B60A5 /* TimerVC.m in Sources */ = {isa = PBXBuildFile; fileRef = AE7223E617BDAC8B003B60A5 /* TimerVC.m */; };
		AE9F976417BDC4FA00626448 /* TimeEntryVC.m in Sources */ = {isa = PBXBuildFile; fileRef = AE9F976317BDC4FA00626448 /* TimeEntryVC.m */; };
		AE9F976717BE538100626448 /* Timer.m in Sources */ = {isa = PBXBuildFile; fileRef = AE9F976617BE538100626448 /* Timer.m */; };
		AE9F976E17BEA00600626448 /* Helper.m in Sources */ = {isa = PBXBuildFile; fileRef = AE9F976D17BEA00600626448 /* Helper.m */; };
		AEAE24E417CAA78000DA265B /* SGDeepCopy.m in Sources */ = {isa = PBXBuildFile; fileRef = AEAE24E317CAA78000DA265B /* SGDeepCopy.m */; };
		AEAE24EB17CAB08300DA265B /* cancel.png in Resources */ = {isa = PBXBuildFile; fileRef = AEAE24E517CAB08300DA265B /* cancel.png */; };
		AEAE24EC17CAB08300DA265B /* cancel@2x.png in Resources */ = {isa = PBXBuildFile; fileRef = AEAE24E617CAB08300DA265B /* cancel@2x.png */; };
		AEAE24ED17CAB08300DA265B /* ok.png in Resources */ = {isa = PBXBuildFile; fileRef = AEAE24E717CAB08300DA265B /* ok.png */; };
		AEAE24EE17CAB08300DA265B /* ok@2x.png in Resources */ = {isa = PBXBuildFile; fileRef = AEAE24E817CAB08300DA265B /* ok@2x.png */; };
		AEAE24EF17CAB08300DA265B /* settings.png in Resources */ = {isa = PBXBuildFile; fileRef = AEAE24E917CAB08300DA265B /* settings.png */; };
		AEAE24F017CAB08300DA265B /* settings@2x.png in Resources */ = {isa = PBXBuildFile; fileRef = AEAE24EA17CAB08300DA265B /* settings@2x.png */; };
		AEBAF2F517E7D9B000BA9479 /* info.png in Resources */ = {isa = PBXBuildFile; fileRef = AEBAF2F317E7D9B000BA9479 /* info.png */; };
		AEBAF2F617E7D9B000BA9479 /* info@2x.png in Resources */ = {isa = PBXBuildFile; fileRef = AEBAF2F417E7D9B000BA9479 /* info@2x.png */; };
		AEDA15A217BDB2F300AC9DBA /* AudioToolbox.framework in Frameworks */ = {isa = PBXBuildFile; fileRef = AEDA15A117BDB2F300AC9DBA /* AudioToolbox.framework */; };
		AEF3115B17E90DB500D10C32 /* icon120.png in Resources */ = {isa = PBXBuildFile; fileRef = AEF3115A17E90DB500D10C32 /* icon120.png */; };
		AEF3115F17E90EB800D10C32 /* icon29.png in Resources */ = {isa = PBXBuildFile; fileRef = AEF3115C17E90EB800D10C32 /* icon29.png */; };
		AEF3116017E90EB800D10C32 /* icon29@2x.png in Resources */ = {isa = PBXBuildFile; fileRef = AEF3115D17E90EB800D10C32 /* icon29@2x.png */; };
		AEF3116117E90EB800D10C32 /* icon80.png in Resources */ = {isa = PBXBuildFile; fileRef = AEF3115E17E90EB800D10C32 /* icon80.png */; };
		AEF3116517E911C000D10C32 /* Default-568h@2x.png in Resources */ = {isa = PBXBuildFile; fileRef = AEF3116217E911C000D10C32 /* Default-568h@2x.png */; };
		AEF3116617E911C000D10C32 /* Default.png in Resources */ = {isa = PBXBuildFile; fileRef = AEF3116317E911C000D10C32 /* Default.png */; };
		AEF3116717E911C000D10C32 /* Default@2x.png in Resources */ = {isa = PBXBuildFile; fileRef = AEF3116417E911C000D10C32 /* Default@2x.png */; };
/* End PBXBuildFile section */

/* Begin PBXContainerItemProxy section */
		AE7223D017BDAB66003B60A5 /* PBXContainerItemProxy */ = {
			isa = PBXContainerItemProxy;
			containerPortal = AE72239D17BDAB65003B60A5 /* Project object */;
			proxyType = 1;
			remoteGlobalIDString = AE7223A417BDAB65003B60A5;
			remoteInfo = "Toastmasters Timer";
		};
/* End PBXContainerItemProxy section */

/* Begin PBXFileReference section */
		AE111F9117CED91D00254EF4 /* libTestFlight.a */ = {isa = PBXFileReference; lastKnownFileType = archive.ar; path = libTestFlight.a; sourceTree = "<group>"; };
		AE111F9217CED91D00254EF4 /* README.md */ = {isa = PBXFileReference; fileEncoding = 4; lastKnownFileType = text; path = README.md; sourceTree = "<group>"; };
		AE111F9317CED91D00254EF4 /* release_notes.md */ = {isa = PBXFileReference; fileEncoding = 4; lastKnownFileType = text; path = release_notes.md; sourceTree = "<group>"; };
		AE111F9417CED91D00254EF4 /* TestFlight+AsyncLogging.h */ = {isa = PBXFileReference; fileEncoding = 4; lastKnownFileType = sourcecode.c.h; path = "TestFlight+AsyncLogging.h"; sourceTree = "<group>"; };
		AE111F9517CED91D00254EF4 /* TestFlight+ManualSessions.h */ = {isa = PBXFileReference; fileEncoding = 4; lastKnownFileType = sourcecode.c.h; path = "TestFlight+ManualSessions.h"; sourceTree = "<group>"; };
		AE111F9617CED91D00254EF4 /* TestFlight.h */ = {isa = PBXFileReference; fileEncoding = 4; lastKnownFileType = sourcecode.c.h; path = TestFlight.h; sourceTree = "<group>"; };
		AE111F9A17CED99900254EF4 /* libz.dylib */ = {isa = PBXFileReference; lastKnownFileType = "compiled.mach-o.dylib"; name = libz.dylib; path = usr/lib/libz.dylib; sourceTree = SDKROOT; };
		AE111FA017CEE81500254EF4 /* icon.png */ = {isa = PBXFileReference; lastKnownFileType = image.png; path = icon.png; sourceTree = "<group>"; };
		AE111FA217CEE81B00254EF4 /* icon@2x.png */ = {isa = PBXFileReference; lastKnownFileType = image.png; path = "icon@2x.png"; sourceTree = "<group>"; };
		AE111FA417D0024300254EF4 /* twitter.png */ = {isa = PBXFileReference; lastKnownFileType = image.png; path = twitter.png; sourceTree = "<group>"; };
		AE111FA517D0024300254EF4 /* twitter@2x.png */ = {isa = PBXFileReference; lastKnownFileType = image.png; path = "twitter@2x.png"; sourceTree = "<group>"; };
		AE111FA617D0024300254EF4 /* website.png */ = {isa = PBXFileReference; lastKnownFileType = image.png; path = website.png; sourceTree = "<group>"; };
		AE111FA717D0024300254EF4 /* website@2x.png */ = {isa = PBXFileReference; lastKnownFileType = image.png; path = "website@2x.png"; sourceTree = "<group>"; };
		AE111FAC17D0036300254EF4 /* InfoVC.h */ = {isa = PBXFileReference; fileEncoding = 4; lastKnownFileType = sourcecode.c.h; path = InfoVC.h; sourceTree = "<group>"; };
		AE111FAD17D0036300254EF4 /* InfoVC.m */ = {isa = PBXFileReference; fileEncoding = 4; lastKnownFileType = sourcecode.c.objc; path = InfoVC.m; sourceTree = "<group>"; };
		AE111FAF17D019B500254EF4 /* mail.png */ = {isa = PBXFileReference; lastKnownFileType = image.png; path = mail.png; sourceTree = "<group>"; };
		AE111FB017D019B500254EF4 /* mail@2x.png */ = {isa = PBXFileReference; lastKnownFileType = image.png; path = "mail@2x.png"; sourceTree = "<group>"; };
		AE111FB317D01FE700254EF4 /* MessageUI.framework */ = {isa = PBXFileReference; lastKnownFileType = wrapper.framework; name = MessageUI.framework; path = System/Library/Frameworks/MessageUI.framework; sourceTree = SDKROOT; };
		AE5208A817C054AE002CFFD7 /* minus.png */ = {isa = PBXFileReference; lastKnownFileType = image.png; path = minus.png; sourceTree = "<group>"; };
		AE5208AE17C0FF63002CFFD7 /* minus@2x.png */ = {isa = PBXFileReference; lastKnownFileType = image.png; path = "minus@2x.png"; sourceTree = "<group>"; };
		AE5208AF17C0FF63002CFFD7 /* play.png */ = {isa = PBXFileReference; lastKnownFileType = image.png; path = play.png; sourceTree = "<group>"; };
		AE5208B017C0FF63002CFFD7 /* plus.png */ = {isa = PBXFileReference; lastKnownFileType = image.png; path = plus.png; sourceTree = "<group>"; };
		AE5208B117C0FF63002CFFD7 /* plus@2x.png */ = {isa = PBXFileReference; lastKnownFileType = image.png; path = "plus@2x.png"; sourceTree = "<group>"; };
		AE5208B617C100D2002CFFD7 /* pause.png */ = {isa = PBXFileReference; lastKnownFileType = image.png; path = pause.png; sourceTree = "<group>"; };
		AE5208B717C100D2002CFFD7 /* play@2x.png */ = {isa = PBXFileReference; lastKnownFileType = image.png; path = "play@2x.png"; sourceTree = "<group>"; };
		AE5208BA17C102C3002CFFD7 /* bell.png */ = {isa = PBXFileReference; lastKnownFileType = image.png; path = bell.png; sourceTree = "<group>"; };
		AE5208BC17C10B8C002CFFD7 /* stop.png */ = {isa = PBXFileReference; lastKnownFileType = image.png; path = stop.png; sourceTree = "<group>"; };
		AE5208BD17C10B8C002CFFD7 /* stop@2x.png */ = {isa = PBXFileReference; lastKnownFileType = image.png; path = "stop@2x.png"; sourceTree = "<group>"; };
		AE5208C017C10CE4002CFFD7 /* pause@2x.png */ = {isa = PBXFileReference; lastKnownFileType = image.png; path = "pause@2x.png"; sourceTree = "<group>"; };
		AE5208C217C10CF6002CFFD7 /* bell@2x.png */ = {isa = PBXFileReference; lastKnownFileType = image.png; path = "bell@2x.png"; sourceTree = "<group>"; };
		AE5208C417C11714002CFFD7 /* back.png */ = {isa = PBXFileReference; lastKnownFileType = image.png; path = back.png; sourceTree = "<group>"; };
		AE5208C517C11714002CFFD7 /* back@2x.png */ = {isa = PBXFileReference; lastKnownFileType = image.png; path = "back@2x.png"; sourceTree = "<group>"; };
		AE5208CE17C16FFA002CFFD7 /* QuartzCore.framework */ = {isa = PBXFileReference; lastKnownFileType = wrapper.framework; name = QuartzCore.framework; path = System/Library/Frameworks/QuartzCore.framework; sourceTree = SDKROOT; };
		AE5208D117C17034002CFFD7 /* Toast+UIView.h */ = {isa = PBXFileReference; fileEncoding = 4; lastKnownFileType = sourcecode.c.h; path = "Toast+UIView.h"; sourceTree = "<group>"; };
		AE5208D217C17034002CFFD7 /* Toast+UIView.m */ = {isa = PBXFileReference; fileEncoding = 4; lastKnownFileType = sourcecode.c.objc; path = "Toast+UIView.m"; sourceTree = "<group>"; };
		AE7223A517BDAB65003B60A5 /* Toastmasters Timer.app */ = {isa = PBXFileReference; explicitFileType = wrapper.application; includeInIndex = 0; path = "Toastmasters Timer.app"; sourceTree = BUILT_PRODUCTS_DIR; };
		AE7223A817BDAB65003B60A5 /* UIKit.framework */ = {isa = PBXFileReference; lastKnownFileType = wrapper.framework; name = UIKit.framework; path = System/Library/Frameworks/UIKit.framework; sourceTree = SDKROOT; };
		AE7223AA17BDAB65003B60A5 /* Foundation.framework */ = {isa = PBXFileReference; lastKnownFileType = wrapper.framework; name = Foundation.framework; path = System/Library/Frameworks/Foundation.framework; sourceTree = SDKROOT; };
		AE7223AC17BDAB65003B60A5 /* CoreGraphics.framework */ = {isa = PBXFileReference; lastKnownFileType = wrapper.framework; name = CoreGraphics.framework; path = System/Library/Frameworks/CoreGraphics.framework; sourceTree = SDKROOT; };
		AE7223AE17BDAB65003B60A5 /* CoreData.framework */ = {isa = PBXFileReference; lastKnownFileType = wrapper.framework; name = CoreData.framework; path = System/Library/Frameworks/CoreData.framework; sourceTree = SDKROOT; };
		AE7223B217BDAB66003B60A5 /* Toastmasters Timer-Info.plist */ = {isa = PBXFileReference; lastKnownFileType = text.plist.xml; path = "Toastmasters Timer-Info.plist"; sourceTree = "<group>"; };
		AE7223B417BDAB66003B60A5 /* en */ = {isa = PBXFileReference; lastKnownFileType = text.plist.strings; name = en; path = en.lproj/InfoPlist.strings; sourceTree = "<group>"; };
		AE7223B617BDAB66003B60A5 /* main.m */ = {isa = PBXFileReference; lastKnownFileType = sourcecode.c.objc; path = main.m; sourceTree = "<group>"; };
		AE7223B817BDAB66003B60A5 /* Toastmasters Timer-Prefix.pch */ = {isa = PBXFileReference; lastKnownFileType = sourcecode.c.h; path = "Toastmasters Timer-Prefix.pch"; sourceTree = "<group>"; };
		AE7223B917BDAB66003B60A5 /* AppDelegate.h */ = {isa = PBXFileReference; lastKnownFileType = sourcecode.c.h; path = AppDelegate.h; sourceTree = "<group>"; };
		AE7223BA17BDAB66003B60A5 /* AppDelegate.m */ = {isa = PBXFileReference; lastKnownFileType = sourcecode.c.objc; path = AppDelegate.m; sourceTree = "<group>"; };
		AE7223C317BDAB66003B60A5 /* Toastmasters_Timer.xcdatamodel */ = {isa = PBXFileReference; lastKnownFileType = wrapper.xcdatamodel; path = Toastmasters_Timer.xcdatamodel; sourceTree = "<group>"; };
		AE7223CA17BDAB66003B60A5 /* Toastmasters TimerTests.octest */ = {isa = PBXFileReference; explicitFileType = wrapper.cfbundle; includeInIndex = 0; path = "Toastmasters TimerTests.octest"; sourceTree = BUILT_PRODUCTS_DIR; };
		AE7223CB17BDAB66003B60A5 /* SenTestingKit.framework */ = {isa = PBXFileReference; lastKnownFileType = wrapper.framework; name = SenTestingKit.framework; path = Library/Frameworks/SenTestingKit.framework; sourceTree = DEVELOPER_DIR; };
		AE7223D417BDAB66003B60A5 /* Toastmasters TimerTests-Info.plist */ = {isa = PBXFileReference; lastKnownFileType = text.plist.xml; path = "Toastmasters TimerTests-Info.plist"; sourceTree = "<group>"; };
		AE7223D617BDAB66003B60A5 /* en */ = {isa = PBXFileReference; lastKnownFileType = text.plist.strings; name = en; path = en.lproj/InfoPlist.strings; sourceTree = "<group>"; };
		AE7223D817BDAB66003B60A5 /* Toastmasters_TimerTests.h */ = {isa = PBXFileReference; lastKnownFileType = sourcecode.c.h; path = Toastmasters_TimerTests.h; sourceTree = "<group>"; };
		AE7223D917BDAB66003B60A5 /* Toastmasters_TimerTests.m */ = {isa = PBXFileReference; lastKnownFileType = sourcecode.c.objc; path = Toastmasters_TimerTests.m; sourceTree = "<group>"; };
		AE7223E317BDABCA003B60A5 /* Storyboard.storyboard */ = {isa = PBXFileReference; fileEncoding = 4; lastKnownFileType = file.storyboard; path = Storyboard.storyboard; sourceTree = "<group>"; };
		AE7223E517BDAC8B003B60A5 /* TimerVC.h */ = {isa = PBXFileReference; fileEncoding = 4; lastKnownFileType = sourcecode.c.h; path = TimerVC.h; sourceTree = "<group>"; };
		AE7223E617BDAC8B003B60A5 /* TimerVC.m */ = {isa = PBXFileReference; fileEncoding = 4; lastKnownFileType = sourcecode.c.objc; path = TimerVC.m; sourceTree = "<group>"; };
		AE9F976217BDC4FA00626448 /* TimeEntryVC.h */ = {isa = PBXFileReference; fileEncoding = 4; lastKnownFileType = sourcecode.c.h; path = TimeEntryVC.h; sourceTree = "<group>"; };
		AE9F976317BDC4FA00626448 /* TimeEntryVC.m */ = {isa = PBXFileReference; fileEncoding = 4; lastKnownFileType = sourcecode.c.objc; path = TimeEntryVC.m; sourceTree = "<group>"; };
		AE9F976517BE538100626448 /* Timer.h */ = {isa = PBXFileReference; fileEncoding = 4; lastKnownFileType = sourcecode.c.h; path = Timer.h; sourceTree = "<group>"; };
		AE9F976617BE538100626448 /* Timer.m */ = {isa = PBXFileReference; fileEncoding = 4; lastKnownFileType = sourcecode.c.objc; path = Timer.m; sourceTree = "<group>"; };
		AE9F976817BE5C9B00626448 /* TimerDelegate.h */ = {isa = PBXFileReference; fileEncoding = 4; lastKnownFileType = sourcecode.c.h; path = TimerDelegate.h; sourceTree = "<group>"; };
		AE9F976C17BEA00600626448 /* Helper.h */ = {isa = PBXFileReference; fileEncoding = 4; lastKnownFileType = sourcecode.c.h; path = Helper.h; sourceTree = "<group>"; };
		AE9F976D17BEA00600626448 /* Helper.m */ = {isa = PBXFileReference; fileEncoding = 4; lastKnownFileType = sourcecode.c.objc; path = Helper.m; sourceTree = "<group>"; };
		AEAE24E217CAA78000DA265B /* SGDeepCopy.h */ = {isa = PBXFileReference; fileEncoding = 4; lastKnownFileType = sourcecode.c.h; name = SGDeepCopy.h; path = "Toastmasters Timer/SGDeepCopy.h"; sourceTree = "<group>"; };
		AEAE24E317CAA78000DA265B /* SGDeepCopy.m */ = {isa = PBXFileReference; fileEncoding = 4; lastKnownFileType = sourcecode.c.objc; name = SGDeepCopy.m; path = "Toastmasters Timer/SGDeepCopy.m"; sourceTree = "<group>"; };
		AEAE24E517CAB08300DA265B /* cancel.png */ = {isa = PBXFileReference; lastKnownFileType = image.png; path = cancel.png; sourceTree = "<group>"; };
		AEAE24E617CAB08300DA265B /* cancel@2x.png */ = {isa = PBXFileReference; lastKnownFileType = image.png; path = "cancel@2x.png"; sourceTree = "<group>"; };
		AEAE24E717CAB08300DA265B /* ok.png */ = {isa = PBXFileReference; lastKnownFileType = image.png; path = ok.png; sourceTree = "<group>"; };
		AEAE24E817CAB08300DA265B /* ok@2x.png */ = {isa = PBXFileReference; lastKnownFileType = image.png; path = "ok@2x.png"; sourceTree = "<group>"; };
		AEAE24E917CAB08300DA265B /* settings.png */ = {isa = PBXFileReference; lastKnownFileType = image.png; path = settings.png; sourceTree = "<group>"; };
		AEAE24EA17CAB08300DA265B /* settings@2x.png */ = {isa = PBXFileReference; lastKnownFileType = image.png; path = "settings@2x.png"; sourceTree = "<group>"; };
		AEBAF2F317E7D9B000BA9479 /* info.png */ = {isa = PBXFileReference; lastKnownFileType = image.png; path = info.png; sourceTree = "<group>"; };
		AEBAF2F417E7D9B000BA9479 /* info@2x.png */ = {isa = PBXFileReference; lastKnownFileType = image.png; path = "info@2x.png"; sourceTree = "<group>"; };
		AEDA15A117BDB2F300AC9DBA /* AudioToolbox.framework */ = {isa = PBXFileReference; lastKnownFileType = wrapper.framework; name = AudioToolbox.framework; path = System/Library/Frameworks/AudioToolbox.framework; sourceTree = SDKROOT; };
		AEF3115A17E90DB500D10C32 /* icon120.png */ = {isa = PBXFileReference; lastKnownFileType = image.png; path = icon120.png; sourceTree = "<group>"; };
		AEF3115C17E90EB800D10C32 /* icon29.png */ = {isa = PBXFileReference; lastKnownFileType = image.png; path = icon29.png; sourceTree = "<group>"; };
		AEF3115D17E90EB800D10C32 /* icon29@2x.png */ = {isa = PBXFileReference; lastKnownFileType = image.png; path = "icon29@2x.png"; sourceTree = "<group>"; };
		AEF3115E17E90EB800D10C32 /* icon80.png */ = {isa = PBXFileReference; lastKnownFileType = image.png; path = icon80.png; sourceTree = "<group>"; };
		AEF3116217E911C000D10C32 /* Default-568h@2x.png */ = {isa = PBXFileReference; lastKnownFileType = image.png; path = "Default-568h@2x.png"; sourceTree = "<group>"; };
		AEF3116317E911C000D10C32 /* Default.png */ = {isa = PBXFileReference; lastKnownFileType = image.png; path = Default.png; sourceTree = "<group>"; };
		AEF3116417E911C000D10C32 /* Default@2x.png */ = {isa = PBXFileReference; lastKnownFileType = image.png; path = "Default@2x.png"; sourceTree = "<group>"; };
/* End PBXFileReference section */

/* Begin PBXFrameworksBuildPhase section */
		AE7223A217BDAB65003B60A5 /* Frameworks */ = {
			isa = PBXFrameworksBuildPhase;
			buildActionMask = 2147483647;
			files = (
				AE111FB417D01FE700254EF4 /* MessageUI.framework in Frameworks */,
				AE111F9B17CED99900254EF4 /* libz.dylib in Frameworks */,
				AE5208CF17C16FFA002CFFD7 /* QuartzCore.framework in Frameworks */,
				AEDA15A217BDB2F300AC9DBA /* AudioToolbox.framework in Frameworks */,
				AE7223A917BDAB65003B60A5 /* UIKit.framework in Frameworks */,
				AE7223AB17BDAB65003B60A5 /* Foundation.framework in Frameworks */,
				AE7223AD17BDAB65003B60A5 /* CoreGraphics.framework in Frameworks */,
				AE7223AF17BDAB65003B60A5 /* CoreData.framework in Frameworks */,
				AE111F9717CED91D00254EF4 /* libTestFlight.a in Frameworks */,
			);
			runOnlyForDeploymentPostprocessing = 0;
		};
		AE7223C617BDAB66003B60A5 /* Frameworks */ = {
			isa = PBXFrameworksBuildPhase;
			buildActionMask = 2147483647;
			files = (
				AE7223CC17BDAB66003B60A5 /* SenTestingKit.framework in Frameworks */,
				AE7223CD17BDAB66003B60A5 /* UIKit.framework in Frameworks */,
				AE7223CE17BDAB66003B60A5 /* Foundation.framework in Frameworks */,
				AE7223CF17BDAB66003B60A5 /* CoreData.framework in Frameworks */,
			);
			runOnlyForDeploymentPostprocessing = 0;
		};
/* End PBXFrameworksBuildPhase section */

/* Begin PBXGroup section */
		AE111F9017CED91D00254EF4 /* TestFlightSDK2.0.0 */ = {
			isa = PBXGroup;
			children = (
				AE111F9117CED91D00254EF4 /* libTestFlight.a */,
				AE111F9217CED91D00254EF4 /* README.md */,
				AE111F9317CED91D00254EF4 /* release_notes.md */,
				AE111F9417CED91D00254EF4 /* TestFlight+AsyncLogging.h */,
				AE111F9517CED91D00254EF4 /* TestFlight+ManualSessions.h */,
				AE111F9617CED91D00254EF4 /* TestFlight.h */,
			);
			path = TestFlightSDK2.0.0;
			sourceTree = "<group>";
		};
		AE488FC817DD2A510090E139 /* Views */ = {
			isa = PBXGroup;
			children = (
				AE111FAC17D0036300254EF4 /* InfoVC.h */,
				AE111FAD17D0036300254EF4 /* InfoVC.m */,
				AE7223E317BDABCA003B60A5 /* Storyboard.storyboard */,
				AE9F976217BDC4FA00626448 /* TimeEntryVC.h */,
				AE9F976317BDC4FA00626448 /* TimeEntryVC.m */,
				AE7223E517BDAC8B003B60A5 /* TimerVC.h */,
				AE7223E617BDAC8B003B60A5 /* TimerVC.m */,
			);
			name = Views;
			sourceTree = "<group>";
		};
		AE488FC917DD2A5B0090E139 /* Controllers */ = {
			isa = PBXGroup;
			children = (
				AE9F976517BE538100626448 /* Timer.h */,
				AE9F976617BE538100626448 /* Timer.m */,
				AE7223B917BDAB66003B60A5 /* AppDelegate.h */,
				AE7223BA17BDAB66003B60A5 /* AppDelegate.m */,
				AE9F976817BE5C9B00626448 /* TimerDelegate.h */,
				AE9F976C17BEA00600626448 /* Helper.h */,
				AE9F976D17BEA00600626448 /* Helper.m */,
			);
			name = Controllers;
			sourceTree = "<group>";
		};
		AE488FCA17DD2AC70090E139 /* Libraries */ = {
			isa = PBXGroup;
			children = (
				AEAE24E217CAA78000DA265B /* SGDeepCopy.h */,
				AEAE24E317CAA78000DA265B /* SGDeepCopy.m */,
				AE111F9017CED91D00254EF4 /* TestFlightSDK2.0.0 */,
				AE5208D017C17034002CFFD7 /* Toast */,
			);
			name = Libraries;
			sourceTree = "<group>";
		};
		AE5208A717C054AE002CFFD7 /* Images */ = {
			isa = PBXGroup;
			children = (
				AEF3116217E911C000D10C32 /* Default-568h@2x.png */,
				AEF3116317E911C000D10C32 /* Default.png */,
				AEF3116417E911C000D10C32 /* Default@2x.png */,
				AEF3115C17E90EB800D10C32 /* icon29.png */,
				AEF3115D17E90EB800D10C32 /* icon29@2x.png */,
				AEF3115E17E90EB800D10C32 /* icon80.png */,
				AEF3115A17E90DB500D10C32 /* icon120.png */,
				AEBAF2F317E7D9B000BA9479 /* info.png */,
				AEBAF2F417E7D9B000BA9479 /* info@2x.png */,
				AE111FAF17D019B500254EF4 /* mail.png */,
				AE111FB017D019B500254EF4 /* mail@2x.png */,
				AE111FA417D0024300254EF4 /* twitter.png */,
				AE111FA517D0024300254EF4 /* twitter@2x.png */,
				AE111FA617D0024300254EF4 /* website.png */,
				AE111FA717D0024300254EF4 /* website@2x.png */,
				AE111FA217CEE81B00254EF4 /* icon@2x.png */,
				AE111FA017CEE81500254EF4 /* icon.png */,
				AEAE24E517CAB08300DA265B /* cancel.png */,
				AEAE24E617CAB08300DA265B /* cancel@2x.png */,
				AEAE24E717CAB08300DA265B /* ok.png */,
				AEAE24E817CAB08300DA265B /* ok@2x.png */,
				AEAE24E917CAB08300DA265B /* settings.png */,
				AEAE24EA17CAB08300DA265B /* settings@2x.png */,
				AE5208C417C11714002CFFD7 /* back.png */,
				AE5208C517C11714002CFFD7 /* back@2x.png */,
				AE5208BA17C102C3002CFFD7 /* bell.png */,
				AE5208C217C10CF6002CFFD7 /* bell@2x.png */,
				AE5208A817C054AE002CFFD7 /* minus.png */,
				AE5208AE17C0FF63002CFFD7 /* minus@2x.png */,
				AE5208B617C100D2002CFFD7 /* pause.png */,
				AE5208C017C10CE4002CFFD7 /* pause@2x.png */,
				AE5208AF17C0FF63002CFFD7 /* play.png */,
				AE5208B717C100D2002CFFD7 /* play@2x.png */,
				AE5208B017C0FF63002CFFD7 /* plus.png */,
				AE5208B117C0FF63002CFFD7 /* plus@2x.png */,
				AE5208BC17C10B8C002CFFD7 /* stop.png */,
				AE5208BD17C10B8C002CFFD7 /* stop@2x.png */,
			);
			name = Images;
			path = images;
			sourceTree = "<group>";
		};
		AE5208D017C17034002CFFD7 /* Toast */ = {
			isa = PBXGroup;
			children = (
				AE5208D117C17034002CFFD7 /* Toast+UIView.h */,
				AE5208D217C17034002CFFD7 /* Toast+UIView.m */,
			);
			path = Toast;
			sourceTree = "<group>";
		};
		AE72239C17BDAB65003B60A5 = {
			isa = PBXGroup;
			children = (
				AE488FCA17DD2AC70090E139 /* Libraries */,
				AE7223B017BDAB65003B60A5 /* Toastmasters Timer */,
				AE7223D217BDAB66003B60A5 /* Toastmasters TimerTests */,
				AE7223A717BDAB65003B60A5 /* Frameworks */,
				AE7223A617BDAB65003B60A5 /* Products */,
			);
			sourceTree = "<group>";
		};
		AE7223A617BDAB65003B60A5 /* Products */ = {
			isa = PBXGroup;
			children = (
				AE7223A517BDAB65003B60A5 /* Toastmasters Timer.app */,
				AE7223CA17BDAB66003B60A5 /* Toastmasters TimerTests.octest */,
			);
			name = Products;
			sourceTree = "<group>";
		};
		AE7223A717BDAB65003B60A5 /* Frameworks */ = {
			isa = PBXGroup;
			children = (
				AE111FB317D01FE700254EF4 /* MessageUI.framework */,
				AE111F9A17CED99900254EF4 /* libz.dylib */,
				AE5208CE17C16FFA002CFFD7 /* QuartzCore.framework */,
				AEDA15A117BDB2F300AC9DBA /* AudioToolbox.framework */,
				AE7223A817BDAB65003B60A5 /* UIKit.framework */,
				AE7223AA17BDAB65003B60A5 /* Foundation.framework */,
				AE7223AC17BDAB65003B60A5 /* CoreGraphics.framework */,
				AE7223AE17BDAB65003B60A5 /* CoreData.framework */,
				AE7223CB17BDAB66003B60A5 /* SenTestingKit.framework */,
			);
			name = Frameworks;
			sourceTree = "<group>";
		};
		AE7223B017BDAB65003B60A5 /* Toastmasters Timer */ = {
			isa = PBXGroup;
			children = (
				AE488FC917DD2A5B0090E139 /* Controllers */,
				AE5208A717C054AE002CFFD7 /* Images */,
				AE7223B117BDAB66003B60A5 /* Supporting Files */,
				AE7223C217BDAB66003B60A5 /* Toastmasters_Timer.xcdatamodeld */,
				AE488FC817DD2A510090E139 /* Views */,
			);
			path = "Toastmasters Timer";
			sourceTree = "<group>";
		};
		AE7223B117BDAB66003B60A5 /* Supporting Files */ = {
			isa = PBXGroup;
			children = (
				AE7223B217BDAB66003B60A5 /* Toastmasters Timer-Info.plist */,
				AE7223B317BDAB66003B60A5 /* InfoPlist.strings */,
				AE7223B617BDAB66003B60A5 /* main.m */,
				AE7223B817BDAB66003B60A5 /* Toastmasters Timer-Prefix.pch */,
			);
			name = "Supporting Files";
			sourceTree = "<group>";
		};
		AE7223D217BDAB66003B60A5 /* Toastmasters TimerTests */ = {
			isa = PBXGroup;
			children = (
				AE7223D817BDAB66003B60A5 /* Toastmasters_TimerTests.h */,
				AE7223D917BDAB66003B60A5 /* Toastmasters_TimerTests.m */,
				AE7223D317BDAB66003B60A5 /* Supporting Files */,
			);
			path = "Toastmasters TimerTests";
			sourceTree = "<group>";
		};
		AE7223D317BDAB66003B60A5 /* Supporting Files */ = {
			isa = PBXGroup;
			children = (
				AE7223D417BDAB66003B60A5 /* Toastmasters TimerTests-Info.plist */,
				AE7223D517BDAB66003B60A5 /* InfoPlist.strings */,
			);
			name = "Supporting Files";
			sourceTree = "<group>";
		};
/* End PBXGroup section */

/* Begin PBXNativeTarget section */
		AE7223A417BDAB65003B60A5 /* Toastmasters Timer */ = {
			isa = PBXNativeTarget;
			buildConfigurationList = AE7223DD17BDAB66003B60A5 /* Build configuration list for PBXNativeTarget "Toastmasters Timer" */;
			buildPhases = (
				AE7223A117BDAB65003B60A5 /* Sources */,
				AE7223A217BDAB65003B60A5 /* Frameworks */,
				AE7223A317BDAB65003B60A5 /* Resources */,
			);
			buildRules = (
			);
			dependencies = (
			);
			name = "Toastmasters Timer";
			productName = "Toastmasters Timer";
			productReference = AE7223A517BDAB65003B60A5 /* Toastmasters Timer.app */;
			productType = "com.apple.product-type.application";
		};
		AE7223C917BDAB66003B60A5 /* Toastmasters TimerTests */ = {
			isa = PBXNativeTarget;
			buildConfigurationList = AE7223E017BDAB66003B60A5 /* Build configuration list for PBXNativeTarget "Toastmasters TimerTests" */;
			buildPhases = (
				AE7223C517BDAB66003B60A5 /* Sources */,
				AE7223C617BDAB66003B60A5 /* Frameworks */,
				AE7223C717BDAB66003B60A5 /* Resources */,
				AE7223C817BDAB66003B60A5 /* ShellScript */,
			);
			buildRules = (
			);
			dependencies = (
				AE7223D117BDAB66003B60A5 /* PBXTargetDependency */,
			);
			name = "Toastmasters TimerTests";
			productName = "Toastmasters TimerTests";
			productReference = AE7223CA17BDAB66003B60A5 /* Toastmasters TimerTests.octest */;
			productType = "com.apple.product-type.bundle";
		};
/* End PBXNativeTarget section */

/* Begin PBXProject section */
		AE72239D17BDAB65003B60A5 /* Project object */ = {
			isa = PBXProject;
			attributes = {
				LastUpgradeCheck = 0460;
				ORGANIZATIONNAME = "Sundeep Gupta";
				TargetAttributes = {
					AE7223A417BDAB65003B60A5 = {
						DevelopmentTeam = M3NJ52HVCE;
					};
				};
			};
			buildConfigurationList = AE7223A017BDAB65003B60A5 /* Build configuration list for PBXProject "Toastmasters Timer" */;
			compatibilityVersion = "Xcode 3.2";
			developmentRegion = English;
			hasScannedForEncodings = 0;
			knownRegions = (
				en,
			);
			mainGroup = AE72239C17BDAB65003B60A5;
			productRefGroup = AE7223A617BDAB65003B60A5 /* Products */;
			projectDirPath = "";
			projectRoot = "";
			targets = (
				AE7223A417BDAB65003B60A5 /* Toastmasters Timer */,
				AE7223C917BDAB66003B60A5 /* Toastmasters TimerTests */,
			);
		};
/* End PBXProject section */

/* Begin PBXResourcesBuildPhase section */
		AE7223A317BDAB65003B60A5 /* Resources */ = {
			isa = PBXResourcesBuildPhase;
			buildActionMask = 2147483647;
			files = (
				AE7223B517BDAB66003B60A5 /* InfoPlist.strings in Resources */,
				AEBAF2F617E7D9B000BA9479 /* info@2x.png in Resources */,
				AEF3116517E911C000D10C32 /* Default-568h@2x.png in Resources */,
				AE7223E417BDABCA003B60A5 /* Storyboard.storyboard in Resources */,
				AE5208AA17C054AE002CFFD7 /* minus.png in Resources */,
				AE5208B217C0FF63002CFFD7 /* minus@2x.png in Resources */,
				AE5208B317C0FF63002CFFD7 /* play.png in Resources */,
				AE5208B417C0FF63002CFFD7 /* plus.png in Resources */,
				AE5208B517C0FF63002CFFD7 /* plus@2x.png in Resources */,
				AE5208B817C100D2002CFFD7 /* pause.png in Resources */,
				AEBAF2F517E7D9B000BA9479 /* info.png in Resources */,
				AE5208B917C100D2002CFFD7 /* play@2x.png in Resources */,
				AEF3115B17E90DB500D10C32 /* icon120.png in Resources */,
				AEF3116717E911C000D10C32 /* Default@2x.png in Resources */,
				AE5208BB17C102C3002CFFD7 /* bell.png in Resources */,
				AE5208BE17C10B8C002CFFD7 /* stop.png in Resources */,
				AE5208BF17C10B8C002CFFD7 /* stop@2x.png in Resources */,
				AE5208C117C10CE4002CFFD7 /* pause@2x.png in Resources */,
				AE5208C317C10CF6002CFFD7 /* bell@2x.png in Resources */,
				AEF3115F17E90EB800D10C32 /* icon29.png in Resources */,
				AE5208C617C11714002CFFD7 /* back.png in Resources */,
				AE5208C717C11714002CFFD7 /* back@2x.png in Resources */,
				AEAE24EB17CAB08300DA265B /* cancel.png in Resources */,
				AEAE24EC17CAB08300DA265B /* cancel@2x.png in Resources */,
				AEAE24ED17CAB08300DA265B /* ok.png in Resources */,
				AEAE24EE17CAB08300DA265B /* ok@2x.png in Resources */,
				AEAE24EF17CAB08300DA265B /* settings.png in Resources */,
				AEF3116617E911C000D10C32 /* Default.png in Resources */,
				AEAE24F017CAB08300DA265B /* settings@2x.png in Resources */,
				AE111F9817CED91D00254EF4 /* README.md in Resources */,
				AE111F9917CED91D00254EF4 /* release_notes.md in Resources */,
				AE111FA117CEE81500254EF4 /* icon.png in Resources */,
				AE111FA317CEE81B00254EF4 /* icon@2x.png in Resources */,
				AE111FA817D0024400254EF4 /* twitter.png in Resources */,
				AEF3116117E90EB800D10C32 /* icon80.png in Resources */,
				AE111FA917D0024400254EF4 /* twitter@2x.png in Resources */,
				AE111FAA17D0024400254EF4 /* website.png in Resources */,
				AE111FAB17D0024400254EF4 /* website@2x.png in Resources */,
				AE111FB117D019B500254EF4 /* mail.png in Resources */,
				AEF3116017E90EB800D10C32 /* icon29@2x.png in Resources */,
				AE111FB217D019B500254EF4 /* mail@2x.png in Resources */,
			);
			runOnlyForDeploymentPostprocessing = 0;
		};
		AE7223C717BDAB66003B60A5 /* Resources */ = {
			isa = PBXResourcesBuildPhase;
			buildActionMask = 2147483647;
			files = (
				AE7223D717BDAB66003B60A5 /* InfoPlist.strings in Resources */,
			);
			runOnlyForDeploymentPostprocessing = 0;
		};
/* End PBXResourcesBuildPhase section */

/* Begin PBXShellScriptBuildPhase section */
		AE7223C817BDAB66003B60A5 /* ShellScript */ = {
			isa = PBXShellScriptBuildPhase;
			buildActionMask = 2147483647;
			files = (
			);
			inputPaths = (
			);
			outputPaths = (
			);
			runOnlyForDeploymentPostprocessing = 0;
			shellPath = /bin/sh;
			shellScript = "# Run the unit tests in this test bundle.\n\"${SYSTEM_DEVELOPER_DIR}/Tools/RunUnitTests\"\n";
		};
/* End PBXShellScriptBuildPhase section */

/* Begin PBXSourcesBuildPhase section */
		AE7223A117BDAB65003B60A5 /* Sources */ = {
			isa = PBXSourcesBuildPhase;
			buildActionMask = 2147483647;
			files = (
				AE7223B717BDAB66003B60A5 /* main.m in Sources */,
				AE7223BB17BDAB66003B60A5 /* AppDelegate.m in Sources */,
				AE7223C417BDAB66003B60A5 /* Toastmasters_Timer.xcdatamodeld in Sources */,
				AE7223E717BDAC8B003B60A5 /* TimerVC.m in Sources */,
				AE9F976417BDC4FA00626448 /* TimeEntryVC.m in Sources */,
				AE9F976717BE538100626448 /* Timer.m in Sources */,
				AE9F976E17BEA00600626448 /* Helper.m in Sources */,
				AE5208D317C17034002CFFD7 /* Toast+UIView.m in Sources */,
				AEAE24E417CAA78000DA265B /* SGDeepCopy.m in Sources */,
				AE111FAE17D0036300254EF4 /* InfoVC.m in Sources */,
			);
			runOnlyForDeploymentPostprocessing = 0;
		};
		AE7223C517BDAB66003B60A5 /* Sources */ = {
			isa = PBXSourcesBuildPhase;
			buildActionMask = 2147483647;
			files = (
				AE7223DA17BDAB66003B60A5 /* Toastmasters_TimerTests.m in Sources */,
			);
			runOnlyForDeploymentPostprocessing = 0;
		};
/* End PBXSourcesBuildPhase section */

/* Begin PBXTargetDependency section */
		AE7223D117BDAB66003B60A5 /* PBXTargetDependency */ = {
			isa = PBXTargetDependency;
			target = AE7223A417BDAB65003B60A5 /* Toastmasters Timer */;
			targetProxy = AE7223D017BDAB66003B60A5 /* PBXContainerItemProxy */;
		};
/* End PBXTargetDependency section */

/* Begin PBXVariantGroup section */
		AE7223B317BDAB66003B60A5 /* InfoPlist.strings */ = {
			isa = PBXVariantGroup;
			children = (
				AE7223B417BDAB66003B60A5 /* en */,
			);
			name = InfoPlist.strings;
			sourceTree = "<group>";
		};
		AE7223D517BDAB66003B60A5 /* InfoPlist.strings */ = {
			isa = PBXVariantGroup;
			children = (
				AE7223D617BDAB66003B60A5 /* en */,
			);
			name = InfoPlist.strings;
			sourceTree = "<group>";
		};
/* End PBXVariantGroup section */

/* Begin XCBuildConfiguration section */
		AE7223DB17BDAB66003B60A5 /* Debug */ = {
			isa = XCBuildConfiguration;
			buildSettings = {
				ALWAYS_SEARCH_USER_PATHS = NO;
				CLANG_CXX_LANGUAGE_STANDARD = "gnu++0x";
				CLANG_CXX_LIBRARY = "libc++";
				CLANG_ENABLE_OBJC_ARC = YES;
				CLANG_WARN_CONSTANT_CONVERSION = YES;
				CLANG_WARN_EMPTY_BODY = YES;
				CLANG_WARN_ENUM_CONVERSION = YES;
				CLANG_WARN_INT_CONVERSION = YES;
				CLANG_WARN__DUPLICATE_METHOD_MATCH = YES;
				"CODE_SIGN_IDENTITY[sdk=iphoneos*]" = "iPhone Developer";
				COPY_PHASE_STRIP = NO;
				GCC_C_LANGUAGE_STANDARD = gnu99;
				GCC_DYNAMIC_NO_PIC = NO;
				GCC_OPTIMIZATION_LEVEL = 0;
				GCC_PREPROCESSOR_DEFINITIONS = (
					"DEBUG=1",
					"$(inherited)",
				);
				GCC_SYMBOLS_PRIVATE_EXTERN = NO;
				GCC_WARN_ABOUT_RETURN_TYPE = YES;
				GCC_WARN_UNINITIALIZED_AUTOS = YES;
				GCC_WARN_UNUSED_VARIABLE = YES;
				IPHONEOS_DEPLOYMENT_TARGET = 7.0;
				ONLY_ACTIVE_ARCH = YES;
				SDKROOT = iphoneos;
			};
			name = Debug;
		};
		AE7223DC17BDAB66003B60A5 /* Release */ = {
			isa = XCBuildConfiguration;
			buildSettings = {
				ALWAYS_SEARCH_USER_PATHS = NO;
				CLANG_CXX_LANGUAGE_STANDARD = "gnu++0x";
				CLANG_CXX_LIBRARY = "libc++";
				CLANG_ENABLE_OBJC_ARC = YES;
				CLANG_WARN_CONSTANT_CONVERSION = YES;
				CLANG_WARN_EMPTY_BODY = YES;
				CLANG_WARN_ENUM_CONVERSION = YES;
				CLANG_WARN_INT_CONVERSION = YES;
				CLANG_WARN__DUPLICATE_METHOD_MATCH = YES;
				"CODE_SIGN_IDENTITY[sdk=iphoneos*]" = "iPhone Developer";
				COPY_PHASE_STRIP = YES;
				GCC_C_LANGUAGE_STANDARD = gnu99;
				GCC_WARN_ABOUT_RETURN_TYPE = YES;
				GCC_WARN_UNINITIALIZED_AUTOS = YES;
				GCC_WARN_UNUSED_VARIABLE = YES;
				IPHONEOS_DEPLOYMENT_TARGET = 7.0;
				OTHER_CFLAGS = "-DNS_BLOCK_ASSERTIONS=1";
				SDKROOT = iphoneos;
				VALIDATE_PRODUCT = YES;
			};
			name = Release;
		};
		AE7223DE17BDAB66003B60A5 /* Debug */ = {
			isa = XCBuildConfiguration;
			buildSettings = {
				CODE_SIGN_IDENTITY = "iPhone Developer: Sundeep Gupta (U6Z7XVB628)";
				"CODE_SIGN_IDENTITY[sdk=iphoneos*]" = "iPhone Developer: Sundeep Gupta (U6Z7XVB628)";
				GCC_PRECOMPILE_PREFIX_HEADER = YES;
				GCC_PREFIX_HEADER = "Toastmasters Timer/Toastmasters Timer-Prefix.pch";
				INFOPLIST_FILE = "Toastmasters Timer/Toastmasters Timer-Info.plist";
				IPHONEOS_DEPLOYMENT_TARGET = 6.0;
				LIBRARY_SEARCH_PATHS = (
					"$(inherited)",
					"\"$(SRCROOT)/TestFlightSDK2.0.0\"",
				);
				PRODUCT_NAME = "$(TARGET_NAME)";
				PROVISIONING_PROFILE = "329C5776-CB2B-418B-8EB8-4D553531D098";
				"PROVISIONING_PROFILE[sdk=iphoneos*]" = "329C5776-CB2B-418B-8EB8-4D553531D098";
				WRAPPER_EXTENSION = app;
			};
			name = Debug;
		};
		AE7223DF17BDAB66003B60A5 /* Release */ = {
			isa = XCBuildConfiguration;
			buildSettings = {
				CODE_SIGN_IDENTITY = "iPhone Distribution: Sundeep Gupta (M3NJ52HVCE)";
				"CODE_SIGN_IDENTITY[sdk=iphoneos*]" = "";
				GCC_PRECOMPILE_PREFIX_HEADER = YES;
				GCC_PREFIX_HEADER = "Toastmasters Timer/Toastmasters Timer-Prefix.pch";
				INFOPLIST_FILE = "Toastmasters Timer/Toastmasters Timer-Info.plist";
				IPHONEOS_DEPLOYMENT_TARGET = 6.0;
				LIBRARY_SEARCH_PATHS = (
					"$(inherited)",
					"\"$(SRCROOT)/TestFlightSDK2.0.0\"",
				);
				PRODUCT_NAME = "$(TARGET_NAME)";
				PROVISIONING_PROFILE = "71363225-3173-4FF0-9279-BAF34E07A74A";
				"PROVISIONING_PROFILE[sdk=iphoneos*]" = "71363225-3173-4FF0-9279-BAF34E07A74A";
				WRAPPER_EXTENSION = app;
			};
			name = Release;
		};
		AE7223E117BDAB66003B60A5 /* Debug */ = {
			isa = XCBuildConfiguration;
			buildSettings = {
				BUNDLE_LOADER = "$(BUILT_PRODUCTS_DIR)/Toastmasters Timer.app/Toastmasters Timer";
				FRAMEWORK_SEARCH_PATHS = (
					"\"$(SDKROOT)/Developer/Library/Frameworks\"",
					"\"$(DEVELOPER_LIBRARY_DIR)/Frameworks\"",
				);
				GCC_PRECOMPILE_PREFIX_HEADER = YES;
				GCC_PREFIX_HEADER = "Toastmasters Timer/Toastmasters Timer-Prefix.pch";
				INFOPLIST_FILE = "Toastmasters TimerTests/Toastmasters TimerTests-Info.plist";
				PRODUCT_NAME = "$(TARGET_NAME)";
				TEST_HOST = "$(BUNDLE_LOADER)";
				WRAPPER_EXTENSION = octest;
			};
			name = Debug;
		};
		AE7223E217BDAB66003B60A5 /* Release */ = {
			isa = XCBuildConfiguration;
			buildSettings = {
				BUNDLE_LOADER = "$(BUILT_PRODUCTS_DIR)/Toastmasters Timer.app/Toastmasters Timer";
				FRAMEWORK_SEARCH_PATHS = (
					"\"$(SDKROOT)/Developer/Library/Frameworks\"",
					"\"$(DEVELOPER_LIBRARY_DIR)/Frameworks\"",
				);
				GCC_PRECOMPILE_PREFIX_HEADER = YES;
				GCC_PREFIX_HEADER = "Toastmasters Timer/Toastmasters Timer-Prefix.pch";
				INFOPLIST_FILE = "Toastmasters TimerTests/Toastmasters TimerTests-Info.plist";
				PRODUCT_NAME = "$(TARGET_NAME)";
				TEST_HOST = "$(BUNDLE_LOADER)";
				WRAPPER_EXTENSION = octest;
			};
			name = Release;
		};
/* End XCBuildConfiguration section */

/* Begin XCConfigurationList section */
		AE7223A017BDAB65003B60A5 /* Build configuration list for PBXProject "Toastmasters Timer" */ = {
			isa = XCConfigurationList;
			buildConfigurations = (
				AE7223DB17BDAB66003B60A5 /* Debug */,
				AE7223DC17BDAB66003B60A5 /* Release */,
			);
			defaultConfigurationIsVisible = 0;
			defaultConfigurationName = Release;
		};
		AE7223DD17BDAB66003B60A5 /* Build configuration list for PBXNativeTarget "Toastmasters Timer" */ = {
			isa = XCConfigurationList;
			buildConfigurations = (
				AE7223DE17BDAB66003B60A5 /* Debug */,
				AE7223DF17BDAB66003B60A5 /* Release */,
			);
			defaultConfigurationIsVisible = 0;
			defaultConfigurationName = Release;
		};
		AE7223E017BDAB66003B60A5 /* Build configuration list for PBXNativeTarget "Toastmasters TimerTests" */ = {
			isa = XCConfigurationList;
			buildConfigurations = (
				AE7223E117BDAB66003B60A5 /* Debug */,
				AE7223E217BDAB66003B60A5 /* Release */,
			);
			defaultConfigurationIsVisible = 0;
			defaultConfigurationName = Release;
		};
/* End XCConfigurationList section */

/* Begin XCVersionGroup section */
		AE7223C217BDAB66003B60A5 /* Toastmasters_Timer.xcdatamodeld */ = {
			isa = XCVersionGroup;
			children = (
				AE7223C317BDAB66003B60A5 /* Toastmasters_Timer.xcdatamodel */,
			);
			currentVersion = AE7223C317BDAB66003B60A5 /* Toastmasters_Timer.xcdatamodel */;
			path = Toastmasters_Timer.xcdatamodeld;
			sourceTree = "<group>";
			versionGroupType = wrapper.xcdatamodel;
		};
/* End XCVersionGroup section */
	};
	rootObject = AE72239D17BDAB65003B60A5 /* Project object */;
}
