<?xml version="1.0" encoding="UTF-8"?>
<!DOCTYPE plist PUBLIC "-//Apple//DTD PLIST 1.0//EN" "http://www.apple.com/DTDs/PropertyList-1.0.dtd">
<plist version="1.0">
<dict>
	<key>archiveVersion</key>
	<string>1</string>
	<key>classes</key>
	<dict/>
	<key>objectVersion</key>
	<string>46</string>
	<key>objects</key>
	<dict>
		<key>3B1AE27F6A6D4FEC86180439</key>
		<dict>
			<key>explicitFileType</key>
			<string>archive.ar</string>
			<key>includeInIndex</key>
			<string>0</string>
			<key>isa</key>
			<string>PBXFileReference</string>
			<key>path</key>
			<string>libPods.a</string>
			<key>sourceTree</key>
			<string>BUILT_PRODUCTS_DIR</string>
		</dict>
		<key>72DF7A9796AB4451856D0F01</key>
		<dict>
			<key>explicitFileType</key>
			<string>archive.ar</string>
			<key>includeInIndex</key>
			<string>0</string>
			<key>isa</key>
			<string>PBXFileReference</string>
			<key>path</key>
			<string>libPods.a</string>
			<key>sourceTree</key>
			<string>BUILT_PRODUCTS_DIR</string>
		</dict>
		<key>748D9AB3573340F0AB7D8523</key>
		<dict>
			<key>buildActionMask</key>
			<string>2147483647</string>
			<key>files</key>
			<array/>
			<key>inputPaths</key>
			<array/>
			<key>isa</key>
			<string>PBXShellScriptBuildPhase</string>
			<key>name</key>
			<string>Copy Pods Resources</string>
			<key>outputPaths</key>
			<array/>
			<key>runOnlyForDeploymentPostprocessing</key>
			<string>0</string>
			<key>shellPath</key>
			<string>/bin/sh</string>
			<key>shellScript</key>
			<string>"${SRCROOT}/Pods/Pods-resources.sh"
</string>
			<key>showEnvVarsInLog</key>
			<string>0</string>
		</dict>
		<key>79E8424783BC43CA9202D5DD</key>
		<dict>
			<key>includeInIndex</key>
			<string>1</string>
			<key>isa</key>
			<string>PBXFileReference</string>
			<key>lastKnownFileType</key>
			<string>text.xcconfig</string>
			<key>name</key>
			<string>Pods.xcconfig</string>
			<key>path</key>
			<string>Pods/Pods.xcconfig</string>
			<key>sourceTree</key>
			<string>&lt;group&gt;</string>
		</dict>
		<key>892860AD74CE40D1A754749B</key>
		<dict>
			<key>fileRef</key>
			<string>72DF7A9796AB4451856D0F01</string>
			<key>isa</key>
			<string>PBXBuildFile</string>
		</dict>
		<key>8D25208D1C4D4BC08429557D</key>
		<dict>
			<key>fileRef</key>
			<string>3B1AE27F6A6D4FEC86180439</string>
			<key>isa</key>
			<string>PBXBuildFile</string>
		</dict>
		<key>9601ED1DC6624F528E0C2AB1</key>
		<dict>
			<key>includeInIndex</key>
			<string>1</string>
			<key>isa</key>
			<string>PBXFileReference</string>
			<key>lastKnownFileType</key>
			<string>text.xcconfig</string>
			<key>name</key>
			<string>Pods-Toastmasters Timer Tests.xcconfig</string>
			<key>path</key>
			<string>../Pods/Pods-Toastmasters Timer Tests.xcconfig</string>
			<key>sourceTree</key>
			<string>&lt;group&gt;</string>
		</dict>
		<key>9F5C02F20DAC41F19921AF8D</key>
		<dict>
			<key>fileRef</key>
			<string>D922069EBAB54014839BEFB7</string>
			<key>isa</key>
			<string>PBXBuildFile</string>
		</dict>
		<key>A8270FFA71A3463F9296307F</key>
		<dict>
			<key>children</key>
			<array>
				<string>3B1AE27F6A6D4FEC86180439</string>
			</array>
			<key>isa</key>
			<string>PBXGroup</string>
			<key>name</key>
			<string>Frameworks</string>
			<key>sourceTree</key>
			<string>&lt;group&gt;</string>
		</dict>
		<key>ABF1131D2C744192A1CA4DBA</key>
		<dict>
			<key>buildActionMask</key>
			<string>2147483647</string>
			<key>files</key>
			<array/>
			<key>inputPaths</key>
			<array/>
			<key>isa</key>
			<string>PBXShellScriptBuildPhase</string>
			<key>name</key>
			<string>Check Pods Manifest.lock</string>
			<key>outputPaths</key>
			<array/>
			<key>runOnlyForDeploymentPostprocessing</key>
			<string>0</string>
			<key>shellPath</key>
			<string>/bin/sh</string>
			<key>shellScript</key>
			<string>diff "${PODS_ROOT}/../Podfile.lock" "${PODS_ROOT}/Manifest.lock" &gt; /dev/null
if [[ $? != 0 ]] ; then
    cat &lt;&lt; EOM
error: The sandbox is not in sync with the Podfile.lock. Run 'pod install' or update your CocoaPods installation.
EOM
    exit 1
fi
</string>
			<key>showEnvVarsInLog</key>
			<string>0</string>
		</dict>
		<key>AE06488118B91ABF006902A4</key>
		<dict>
			<key>children</key>
			<array>
				<string>AE5208A717C054AE002CFFD7</string>
				<string>AE3C7EC317ECFBA90071725C</string>
				<string>AE393C0D18DF49B30058AEC6</string>
			</array>
			<key>isa</key>
			<string>PBXGroup</string>
			<key>name</key>
			<string>Resources</string>
			<key>sourceTree</key>
			<string>&lt;group&gt;</string>
		</dict>
		<key>AE06488218B91BEF006902A4</key>
		<dict>
			<key>children</key>
			<array>
				<string>AE07586618BAB42E0052784C</string>
				<string>AEE1D65518BAB2A3006FF6C2</string>
				<string>AE0648A918B924B0006902A4</string>
			</array>
			<key>isa</key>
			<string>PBXGroup</string>
			<key>name</key>
			<string>Tests</string>
			<key>sourceTree</key>
			<string>&lt;group&gt;</string>
		</dict>
		<key>AE06488318B91C65006902A4</key>
		<dict>
			<key>children</key>
			<array>
				<string>AE488FC917DD2A5B0090E139</string>
				<string>AE06488118B91ABF006902A4</string>
				<string>AE7223B117BDAB66003B60A5</string>
				<string>AE488FC817DD2A510090E139</string>
			</array>
			<key>isa</key>
			<string>PBXGroup</string>
			<key>name</key>
			<string>App</string>
			<key>sourceTree</key>
			<string>&lt;group&gt;</string>
		</dict>
		<key>AE06488418B91E0F006902A4</key>
		<dict>
			<key>fileEncoding</key>
			<string>4</string>
			<key>isa</key>
			<string>PBXFileReference</string>
			<key>lastKnownFileType</key>
			<string>sourcecode.c.objc</string>
			<key>name</key>
			<string>TTTimeEntryVCSpec.m</string>
			<key>path</key>
			<string>Toastmasters Timer Tests/TTTimeEntryVCSpec.m</string>
			<key>sourceTree</key>
			<string>&lt;group&gt;</string>
		</dict>
		<key>AE06488B18B9243E006902A4</key>
		<dict>
			<key>children</key>
			<array>
				<string>72DF7A9796AB4451856D0F01</string>
				<string>FDF4590CAB9E48DCA7FF886C</string>
				<string>AE0BAEC7187BA11F009F8066</string>
				<string>AE111FB317D01FE700254EF4</string>
				<string>AE111F9A17CED99900254EF4</string>
				<string>AE5208CE17C16FFA002CFFD7</string>
				<string>AEDA15A117BDB2F300AC9DBA</string>
				<string>AE7223A817BDAB65003B60A5</string>
				<string>AE7223AA17BDAB65003B60A5</string>
				<string>AE7223AC17BDAB65003B60A5</string>
				<string>AE7223AE17BDAB65003B60A5</string>
				<string>AE7223CB17BDAB66003B60A5</string>
				<string>AE7223B317BDAB66003B60A5</string>
				<string>AE06488C18B9243E006902A4</string>
				<string>AE06488E18B9243E006902A4</string>
				<string>AE06489018B9243E006902A4</string>
				<string>D922069EBAB54014839BEFB7</string>
			</array>
			<key>isa</key>
			<string>PBXGroup</string>
			<key>name</key>
			<string>Frameworks</string>
			<key>sourceTree</key>
			<string>&lt;group&gt;</string>
		</dict>
		<key>AE06488C18B9243E006902A4</key>
		<dict>
			<key>isa</key>
			<string>PBXFileReference</string>
			<key>lastKnownFileType</key>
			<string>wrapper.framework</string>
			<key>name</key>
			<string>XCTest.framework</string>
			<key>path</key>
			<string>Library/Frameworks/XCTest.framework</string>
			<key>sourceTree</key>
			<string>DEVELOPER_DIR</string>
		</dict>
		<key>AE06488E18B9243E006902A4</key>
		<dict>
			<key>isa</key>
			<string>PBXFileReference</string>
			<key>lastKnownFileType</key>
			<string>wrapper.framework</string>
			<key>name</key>
			<string>Foundation.framework</string>
			<key>path</key>
			<string>Library/Frameworks/Foundation.framework</string>
			<key>sourceTree</key>
			<string>DEVELOPER_DIR</string>
		</dict>
		<key>AE06489018B9243E006902A4</key>
		<dict>
			<key>isa</key>
			<string>PBXFileReference</string>
			<key>lastKnownFileType</key>
			<string>wrapper.framework</string>
			<key>name</key>
			<string>UIKit.framework</string>
			<key>path</key>
			<string>Library/Frameworks/UIKit.framework</string>
			<key>sourceTree</key>
			<string>DEVELOPER_DIR</string>
		</dict>
		<key>AE0648A018B924B0006902A4</key>
		<dict>
			<key>buildActionMask</key>
			<string>2147483647</string>
			<key>files</key>
			<array>
				<string>AE0648B618B92540006902A4</string>
				<string>AEB3E50318EE380800E6A5FA</string>
				<string>AEE1D65118B9C773006FF6C2</string>
				<string>AEE1D65418B9CC3B006FF6C2</string>
				<string>AEB3E50118EE34B000E6A5FA</string>
				<string>AE393C0B18DF427B0058AEC6</string>
				<string>AE07586818BAB4570052784C</string>
			</array>
			<key>isa</key>
			<string>PBXSourcesBuildPhase</string>
			<key>runOnlyForDeploymentPostprocessing</key>
			<string>0</string>
		</dict>
		<key>AE0648A118B924B0006902A4</key>
		<dict>
			<key>buildActionMask</key>
			<string>2147483647</string>
			<key>files</key>
			<array>
				<string>AE0648A518B924B0006902A4</string>
				<string>AE0648A718B924B0006902A4</string>
				<string>AE0648A618B924B0006902A4</string>
				<string>9F5C02F20DAC41F19921AF8D</string>
				<string>8D25208D1C4D4BC08429557D</string>
			</array>
			<key>isa</key>
			<string>PBXFrameworksBuildPhase</string>
			<key>runOnlyForDeploymentPostprocessing</key>
			<string>0</string>
		</dict>
		<key>AE0648A218B924B0006902A4</key>
		<dict>
			<key>buildActionMask</key>
			<string>2147483647</string>
			<key>files</key>
			<array>
				<string>AE0648AD18B924B0006902A4</string>
			</array>
			<key>isa</key>
			<string>PBXResourcesBuildPhase</string>
			<key>runOnlyForDeploymentPostprocessing</key>
			<string>0</string>
		</dict>
		<key>AE0648A318B924B0006902A4</key>
		<dict>
			<key>buildConfigurationList</key>
			<string>AE0648B318B924B1006902A4</string>
			<key>buildPhases</key>
			<array>
				<string>ABF1131D2C744192A1CA4DBA</string>
				<string>AE0648A018B924B0006902A4</string>
				<string>AE0648A118B924B0006902A4</string>
				<string>AE0648A218B924B0006902A4</string>
				<string>748D9AB3573340F0AB7D8523</string>
			</array>
			<key>buildRules</key>
			<array/>
			<key>dependencies</key>
			<array>
				<string>AE0648B218B924B1006902A4</string>
			</array>
			<key>isa</key>
			<string>PBXNativeTarget</string>
			<key>name</key>
			<string>Toastmasters Timer Tests</string>
			<key>productName</key>
			<string>Toastmasters Timer Tests</string>
			<key>productReference</key>
			<string>AE0648A418B924B0006902A4</string>
			<key>productType</key>
			<string>com.apple.product-type.bundle.unit-test</string>
		</dict>
		<key>AE0648A418B924B0006902A4</key>
		<dict>
			<key>explicitFileType</key>
			<string>wrapper.cfbundle</string>
			<key>includeInIndex</key>
			<string>0</string>
			<key>isa</key>
			<string>PBXFileReference</string>
			<key>path</key>
			<string>Toastmasters Timer Tests.xctest</string>
			<key>sourceTree</key>
			<string>BUILT_PRODUCTS_DIR</string>
		</dict>
		<key>AE0648A518B924B0006902A4</key>
		<dict>
			<key>fileRef</key>
			<string>AE06488C18B9243E006902A4</string>
			<key>isa</key>
			<string>PBXBuildFile</string>
		</dict>
		<key>AE0648A618B924B0006902A4</key>
		<dict>
			<key>fileRef</key>
			<string>AE06488E18B9243E006902A4</string>
			<key>isa</key>
			<string>PBXBuildFile</string>
		</dict>
		<key>AE0648A718B924B0006902A4</key>
		<dict>
			<key>fileRef</key>
			<string>AE06489018B9243E006902A4</string>
			<key>isa</key>
			<string>PBXBuildFile</string>
		</dict>
		<key>AE0648A918B924B0006902A4</key>
		<dict>
			<key>children</key>
			<array>
				<string>9601ED1DC6624F528E0C2AB1</string>
				<string>AE0648AA18B924B0006902A4</string>
				<string>AE0648AB18B924B0006902A4</string>
				<string>AE0648B018B924B0006902A4</string>
			</array>
			<key>isa</key>
			<string>PBXGroup</string>
			<key>name</key>
			<string>Supporting Files</string>
			<key>path</key>
			<string>Toastmasters Timer Tests</string>
			<key>sourceTree</key>
			<string>&lt;group&gt;</string>
		</dict>
		<key>AE0648AA18B924B0006902A4</key>
		<dict>
			<key>isa</key>
			<string>PBXFileReference</string>
			<key>lastKnownFileType</key>
			<string>text.plist.xml</string>
			<key>path</key>
			<string>Toastmasters Timer Tests-Info.plist</string>
			<key>sourceTree</key>
			<string>&lt;group&gt;</string>
		</dict>
		<key>AE0648AB18B924B0006902A4</key>
		<dict>
			<key>children</key>
			<array>
				<string>AE0648AC18B924B0006902A4</string>
			</array>
			<key>isa</key>
			<string>PBXVariantGroup</string>
			<key>name</key>
			<string>InfoPlist.strings</string>
			<key>sourceTree</key>
			<string>&lt;group&gt;</string>
		</dict>
		<key>AE0648AC18B924B0006902A4</key>
		<dict>
			<key>isa</key>
			<string>PBXFileReference</string>
			<key>lastKnownFileType</key>
			<string>text.plist.strings</string>
			<key>name</key>
			<string>en</string>
			<key>path</key>
			<string>en.lproj/InfoPlist.strings</string>
			<key>sourceTree</key>
			<string>&lt;group&gt;</string>
		</dict>
		<key>AE0648AD18B924B0006902A4</key>
		<dict>
			<key>fileRef</key>
			<string>AE0648AB18B924B0006902A4</string>
			<key>isa</key>
			<string>PBXBuildFile</string>
		</dict>
		<key>AE0648B018B924B0006902A4</key>
		<dict>
			<key>isa</key>
			<string>PBXFileReference</string>
			<key>lastKnownFileType</key>
			<string>sourcecode.c.h</string>
			<key>path</key>
			<string>Toastmasters Timer Tests-Prefix.pch</string>
			<key>sourceTree</key>
			<string>&lt;group&gt;</string>
		</dict>
		<key>AE0648B118B924B1006902A4</key>
		<dict>
			<key>containerPortal</key>
			<string>AE72239D17BDAB65003B60A5</string>
			<key>isa</key>
			<string>PBXContainerItemProxy</string>
			<key>proxyType</key>
			<string>1</string>
			<key>remoteGlobalIDString</key>
			<string>AE7223A417BDAB65003B60A5</string>
			<key>remoteInfo</key>
			<string>Toastmasters Timer</string>
		</dict>
		<key>AE0648B218B924B1006902A4</key>
		<dict>
			<key>isa</key>
			<string>PBXTargetDependency</string>
			<key>target</key>
			<string>AE7223A417BDAB65003B60A5</string>
			<key>targetProxy</key>
			<string>AE0648B118B924B1006902A4</string>
		</dict>
		<key>AE0648B318B924B1006902A4</key>
		<dict>
			<key>buildConfigurations</key>
			<array>
				<string>AE0648B418B924B1006902A4</string>
				<string>AE0648B518B924B1006902A4</string>
			</array>
			<key>defaultConfigurationIsVisible</key>
			<string>0</string>
			<key>defaultConfigurationName</key>
			<string>Release</string>
			<key>isa</key>
			<string>XCConfigurationList</string>
		</dict>
		<key>AE0648B418B924B1006902A4</key>
		<dict>
			<key>baseConfigurationReference</key>
			<string>79E8424783BC43CA9202D5DD</string>
			<key>buildSettings</key>
			<dict>
				<key>BUNDLE_LOADER</key>
				<string>$(BUILT_PRODUCTS_DIR)/Toastmasters Timer.app/Toastmasters Timer</string>
				<key>CLANG_ENABLE_MODULES</key>
				<string>YES</string>
				<key>CLANG_WARN_BOOL_CONVERSION</key>
				<string>YES</string>
				<key>CLANG_WARN_DIRECT_OBJC_ISA_USAGE</key>
				<string>YES_ERROR</string>
				<key>CLANG_WARN_OBJC_ROOT_CLASS</key>
				<string>YES_ERROR</string>
				<key>FRAMEWORK_SEARCH_PATHS</key>
				<array>
					<string>$(SDKROOT)/Developer/Library/Frameworks</string>
					<string>$(inherited)</string>
					<string>$(DEVELOPER_FRAMEWORKS_DIR)</string>
				</array>
				<key>GCC_PRECOMPILE_PREFIX_HEADER</key>
				<string>YES</string>
				<key>GCC_PREFIX_HEADER</key>
				<string>Toastmasters Timer Tests/Toastmasters Timer Tests-Prefix.pch</string>
				<key>GCC_PREPROCESSOR_DEFINITIONS</key>
				<array>
					<string>DEBUG=1</string>
					<string>$(inherited)</string>
				</array>
				<key>GCC_WARN_64_TO_32_BIT_CONVERSION</key>
				<string>YES</string>
				<key>GCC_WARN_ABOUT_RETURN_TYPE</key>
				<string>YES_ERROR</string>
				<key>GCC_WARN_UNDECLARED_SELECTOR</key>
				<string>YES</string>
				<key>GCC_WARN_UNUSED_FUNCTION</key>
				<string>YES</string>
				<key>HEADER_SEARCH_PATHS</key>
				<array>
					<string>"${PODS_ROOT}/Headers"</string>
					<string>"${PODS_ROOT}/Headers/CocoaLumberjack"</string>
					<string>"${PODS_ROOT}/Headers/Kiwi"</string>
					<string>"${PODS_ROOT}/Headers/iRate"</string>
				</array>
				<key>INFOPLIST_FILE</key>
				<string>Toastmasters Timer Tests/Toastmasters Timer Tests-Info.plist</string>
				<key>PRODUCT_NAME</key>
				<string>$(TARGET_NAME)</string>
				<key>TEST_HOST</key>
				<string>$(BUNDLE_LOADER)</string>
				<key>WRAPPER_EXTENSION</key>
				<string>xctest</string>
			</dict>
			<key>isa</key>
			<string>XCBuildConfiguration</string>
			<key>name</key>
			<string>Debug</string>
		</dict>
		<key>AE0648B518B924B1006902A4</key>
		<dict>
			<key>baseConfigurationReference</key>
			<string>79E8424783BC43CA9202D5DD</string>
			<key>buildSettings</key>
			<dict>
				<key>BUNDLE_LOADER</key>
				<string>$(BUILT_PRODUCTS_DIR)/Toastmasters Timer.app/Toastmasters Timer</string>
				<key>CLANG_ENABLE_MODULES</key>
				<string>YES</string>
				<key>CLANG_WARN_BOOL_CONVERSION</key>
				<string>YES</string>
				<key>CLANG_WARN_DIRECT_OBJC_ISA_USAGE</key>
				<string>YES_ERROR</string>
				<key>CLANG_WARN_OBJC_ROOT_CLASS</key>
				<string>YES_ERROR</string>
				<key>ENABLE_NS_ASSERTIONS</key>
				<string>NO</string>
				<key>FRAMEWORK_SEARCH_PATHS</key>
				<array>
					<string>$(SDKROOT)/Developer/Library/Frameworks</string>
					<string>$(inherited)</string>
					<string>$(DEVELOPER_FRAMEWORKS_DIR)</string>
				</array>
				<key>GCC_PRECOMPILE_PREFIX_HEADER</key>
				<string>YES</string>
				<key>GCC_PREFIX_HEADER</key>
				<string>Toastmasters Timer Tests/Toastmasters Timer Tests-Prefix.pch</string>
				<key>GCC_WARN_64_TO_32_BIT_CONVERSION</key>
				<string>YES</string>
				<key>GCC_WARN_ABOUT_RETURN_TYPE</key>
				<string>YES_ERROR</string>
				<key>GCC_WARN_UNDECLARED_SELECTOR</key>
				<string>YES</string>
				<key>GCC_WARN_UNUSED_FUNCTION</key>
				<string>YES</string>
				<key>HEADER_SEARCH_PATHS</key>
				<array>
					<string>"${PODS_ROOT}/Headers"</string>
					<string>"${PODS_ROOT}/Headers/CocoaLumberjack"</string>
					<string>"${PODS_ROOT}/Headers/Kiwi"</string>
					<string>"${PODS_ROOT}/Headers/iRate"</string>
				</array>
				<key>INFOPLIST_FILE</key>
				<string>Toastmasters Timer Tests/Toastmasters Timer Tests-Info.plist</string>
				<key>PRODUCT_NAME</key>
				<string>$(TARGET_NAME)</string>
				<key>TEST_HOST</key>
				<string>$(BUNDLE_LOADER)</string>
				<key>WRAPPER_EXTENSION</key>
				<string>xctest</string>
			</dict>
			<key>isa</key>
			<string>XCBuildConfiguration</string>
			<key>name</key>
			<string>Release</string>
		</dict>
		<key>AE0648B618B92540006902A4</key>
		<dict>
			<key>fileRef</key>
			<string>AE06488418B91E0F006902A4</string>
			<key>isa</key>
			<string>PBXBuildFile</string>
		</dict>
		<key>AE07586618BAB42E0052784C</key>
		<dict>
			<key>children</key>
			<array>
				<string>AEE1D65218B9CC3B006FF6C2</string>
				<string>AEE1D65318B9CC3B006FF6C2</string>
			</array>
			<key>isa</key>
			<string>PBXGroup</string>
			<key>name</key>
			<string>Helpers</string>
			<key>sourceTree</key>
			<string>&lt;group&gt;</string>
		</dict>
		<key>AE07586718BAB4570052784C</key>
		<dict>
			<key>fileEncoding</key>
			<string>4</string>
			<key>isa</key>
			<string>PBXFileReference</string>
			<key>lastKnownFileType</key>
			<string>sourcecode.c.objc</string>
			<key>name</key>
			<string>TTInfoVCSpec.m</string>
			<key>path</key>
			<string>Toastmasters Timer Tests/TTInfoVCSpec.m</string>
			<key>sourceTree</key>
			<string>&lt;group&gt;</string>
		</dict>
		<key>AE07586818BAB4570052784C</key>
		<dict>
			<key>fileRef</key>
			<string>AE07586718BAB4570052784C</string>
			<key>isa</key>
			<string>PBXBuildFile</string>
		</dict>
		<key>AE0BAEBB1874B6E9009F8066</key>
		<dict>
			<key>children</key>
			<array>
				<string>AECC0AF21856B61400815DA2</string>
				<string>AECC0AF31856B61400815DA2</string>
				<string>AE87325E1831D51200BDD4B2</string>
				<string>AE87325F1831D51200BDD4B2</string>
			</array>
			<key>isa</key>
			<string>PBXGroup</string>
			<key>name</key>
			<string>Scroll Wheel</string>
			<key>path</key>
			<string>Toastmasters Timer</string>
			<key>sourceTree</key>
			<string>&lt;group&gt;</string>
		</dict>
		<key>AE0BAEBC1874B91B009F8066</key>
		<dict>
			<key>fileEncoding</key>
			<string>4</string>
			<key>isa</key>
			<string>PBXFileReference</string>
			<key>lastKnownFileType</key>
			<string>sourcecode.c.h</string>
			<key>path</key>
			<string>TTColorButton.h</string>
			<key>sourceTree</key>
			<string>&lt;group&gt;</string>
		</dict>
		<key>AE0BAEBD1874B91B009F8066</key>
		<dict>
			<key>fileEncoding</key>
			<string>4</string>
			<key>isa</key>
			<string>PBXFileReference</string>
			<key>lastKnownFileType</key>
			<string>sourcecode.c.objc</string>
			<key>path</key>
			<string>TTColorButton.m</string>
			<key>sourceTree</key>
			<string>&lt;group&gt;</string>
		</dict>
		<key>AE0BAEBE1874B91B009F8066</key>
		<dict>
			<key>fileRef</key>
			<string>AE0BAEBD1874B91B009F8066</string>
			<key>isa</key>
			<string>PBXBuildFile</string>
		</dict>
		<key>AE0BAEC51878D4AB009F8066</key>
		<dict>
			<key>buildActionMask</key>
			<string>2147483647</string>
			<key>files</key>
			<array/>
			<key>inputPaths</key>
			<array/>
			<key>isa</key>
			<string>PBXShellScriptBuildPhase</string>
			<key>outputPaths</key>
			<array/>
			<key>runOnlyForDeploymentPostprocessing</key>
			<string>0</string>
			<key>shellPath</key>
			<string>/bin/sh</string>
			<key>shellScript</key>
			<string>#!/bin/bash
bN=$(/usr/libexec/PlistBuddy -c "Print CFBundleVersion" "$INFOPLIST_FILE")
bN=$((bN += 1))
bN=$(printf "%d" $bN)
/usr/libexec/PlistBuddy -c "Set :CFBundleVersion $bN" "$INFOPLIST_FILE"</string>
		</dict>
		<key>AE0BAEC6187BA0CA009F8066</key>
		<dict>
			<key>buildActionMask</key>
			<string>2147483647</string>
			<key>files</key>
			<array/>
			<key>inputPaths</key>
			<array/>
			<key>isa</key>
			<string>PBXShellScriptBuildPhase</string>
			<key>outputPaths</key>
			<array/>
			<key>runOnlyForDeploymentPostprocessing</key>
			<string>0</string>
			<key>shellPath</key>
			<string>/bin/sh</string>
			<key>shellScript</key>
			<string>./Crashlytics.framework/run 8326e081af65babd59690e3dc0bbfea5dcd9abd3</string>
		</dict>
		<key>AE0BAEC7187BA11F009F8066</key>
		<dict>
			<key>isa</key>
			<string>PBXFileReference</string>
			<key>lastKnownFileType</key>
			<string>wrapper.framework</string>
			<key>path</key>
			<string>Crashlytics.framework</string>
			<key>sourceTree</key>
			<string>&lt;group&gt;</string>
		</dict>
		<key>AE0BAEC8187BA11F009F8066</key>
		<dict>
			<key>fileRef</key>
			<string>AE0BAEC7187BA11F009F8066</string>
			<key>isa</key>
			<string>PBXBuildFile</string>
		</dict>
		<key>AE111F9A17CED99900254EF4</key>
		<dict>
			<key>isa</key>
			<string>PBXFileReference</string>
			<key>lastKnownFileType</key>
			<string>compiled.mach-o.dylib</string>
			<key>name</key>
			<string>libz.dylib</string>
			<key>path</key>
			<string>usr/lib/libz.dylib</string>
			<key>sourceTree</key>
			<string>SDKROOT</string>
		</dict>
		<key>AE111F9B17CED99900254EF4</key>
		<dict>
			<key>fileRef</key>
			<string>AE111F9A17CED99900254EF4</string>
			<key>isa</key>
			<string>PBXBuildFile</string>
		</dict>
		<key>AE111FA017CEE81500254EF4</key>
		<dict>
			<key>isa</key>
			<string>PBXFileReference</string>
			<key>lastKnownFileType</key>
			<string>image.png</string>
			<key>path</key>
			<string>icon.png</string>
			<key>sourceTree</key>
			<string>&lt;group&gt;</string>
		</dict>
		<key>AE111FA117CEE81500254EF4</key>
		<dict>
			<key>fileRef</key>
			<string>AE111FA017CEE81500254EF4</string>
			<key>isa</key>
			<string>PBXBuildFile</string>
		</dict>
		<key>AE111FA217CEE81B00254EF4</key>
		<dict>
			<key>isa</key>
			<string>PBXFileReference</string>
			<key>lastKnownFileType</key>
			<string>image.png</string>
			<key>path</key>
			<string>icon@2x.png</string>
			<key>sourceTree</key>
			<string>&lt;group&gt;</string>
		</dict>
		<key>AE111FA317CEE81B00254EF4</key>
		<dict>
			<key>fileRef</key>
			<string>AE111FA217CEE81B00254EF4</string>
			<key>isa</key>
			<string>PBXBuildFile</string>
		</dict>
		<key>AE111FA417D0024300254EF4</key>
		<dict>
			<key>isa</key>
			<string>PBXFileReference</string>
			<key>lastKnownFileType</key>
			<string>image.png</string>
			<key>path</key>
			<string>twitter.png</string>
			<key>sourceTree</key>
			<string>&lt;group&gt;</string>
		</dict>
		<key>AE111FA517D0024300254EF4</key>
		<dict>
			<key>isa</key>
			<string>PBXFileReference</string>
			<key>lastKnownFileType</key>
			<string>image.png</string>
			<key>path</key>
			<string>twitter@2x.png</string>
			<key>sourceTree</key>
			<string>&lt;group&gt;</string>
		</dict>
		<key>AE111FA617D0024300254EF4</key>
		<dict>
			<key>isa</key>
			<string>PBXFileReference</string>
			<key>lastKnownFileType</key>
			<string>image.png</string>
			<key>path</key>
			<string>website.png</string>
			<key>sourceTree</key>
			<string>&lt;group&gt;</string>
		</dict>
		<key>AE111FA717D0024300254EF4</key>
		<dict>
			<key>isa</key>
			<string>PBXFileReference</string>
			<key>lastKnownFileType</key>
			<string>image.png</string>
			<key>path</key>
			<string>website@2x.png</string>
			<key>sourceTree</key>
			<string>&lt;group&gt;</string>
		</dict>
		<key>AE111FA817D0024400254EF4</key>
		<dict>
			<key>fileRef</key>
			<string>AE111FA417D0024300254EF4</string>
			<key>isa</key>
			<string>PBXBuildFile</string>
		</dict>
		<key>AE111FA917D0024400254EF4</key>
		<dict>
			<key>fileRef</key>
			<string>AE111FA517D0024300254EF4</string>
			<key>isa</key>
			<string>PBXBuildFile</string>
		</dict>
		<key>AE111FAA17D0024400254EF4</key>
		<dict>
			<key>fileRef</key>
			<string>AE111FA617D0024300254EF4</string>
			<key>isa</key>
			<string>PBXBuildFile</string>
		</dict>
		<key>AE111FAB17D0024400254EF4</key>
		<dict>
			<key>fileRef</key>
			<string>AE111FA717D0024300254EF4</string>
			<key>isa</key>
			<string>PBXBuildFile</string>
		</dict>
		<key>AE111FAC17D0036300254EF4</key>
		<dict>
			<key>fileEncoding</key>
			<string>4</string>
			<key>isa</key>
			<string>PBXFileReference</string>
			<key>lastKnownFileType</key>
			<string>sourcecode.c.h</string>
			<key>path</key>
			<string>TTInfoVC.h</string>
			<key>sourceTree</key>
			<string>&lt;group&gt;</string>
		</dict>
		<key>AE111FAD17D0036300254EF4</key>
		<dict>
			<key>fileEncoding</key>
			<string>4</string>
			<key>isa</key>
			<string>PBXFileReference</string>
			<key>lastKnownFileType</key>
			<string>sourcecode.c.objc</string>
			<key>path</key>
			<string>TTInfoVC.m</string>
			<key>sourceTree</key>
			<string>&lt;group&gt;</string>
		</dict>
		<key>AE111FAE17D0036300254EF4</key>
		<dict>
			<key>fileRef</key>
			<string>AE111FAD17D0036300254EF4</string>
			<key>isa</key>
			<string>PBXBuildFile</string>
		</dict>
		<key>AE111FAF17D019B500254EF4</key>
		<dict>
			<key>isa</key>
			<string>PBXFileReference</string>
			<key>lastKnownFileType</key>
			<string>image.png</string>
			<key>path</key>
			<string>mail.png</string>
			<key>sourceTree</key>
			<string>&lt;group&gt;</string>
		</dict>
		<key>AE111FB017D019B500254EF4</key>
		<dict>
			<key>isa</key>
			<string>PBXFileReference</string>
			<key>lastKnownFileType</key>
			<string>image.png</string>
			<key>path</key>
			<string>mail@2x.png</string>
			<key>sourceTree</key>
			<string>&lt;group&gt;</string>
		</dict>
		<key>AE111FB117D019B500254EF4</key>
		<dict>
			<key>fileRef</key>
			<string>AE111FAF17D019B500254EF4</string>
			<key>isa</key>
			<string>PBXBuildFile</string>
		</dict>
		<key>AE111FB217D019B500254EF4</key>
		<dict>
			<key>fileRef</key>
			<string>AE111FB017D019B500254EF4</string>
			<key>isa</key>
			<string>PBXBuildFile</string>
		</dict>
		<key>AE111FB317D01FE700254EF4</key>
		<dict>
			<key>isa</key>
			<string>PBXFileReference</string>
			<key>lastKnownFileType</key>
			<string>wrapper.framework</string>
			<key>name</key>
			<string>MessageUI.framework</string>
			<key>path</key>
			<string>System/Library/Frameworks/MessageUI.framework</string>
			<key>sourceTree</key>
			<string>SDKROOT</string>
		</dict>
		<key>AE111FB417D01FE700254EF4</key>
		<dict>
			<key>fileRef</key>
			<string>AE111FB317D01FE700254EF4</string>
			<key>isa</key>
			<string>PBXBuildFile</string>
		</dict>
		<key>AE1FF8CE18B927590074AC7B</key>
		<dict>
			<key>children</key>
			<array>
				<string>AE488FCA17DD2AC70090E139</string>
				<string>AE06488B18B9243E006902A4</string>
			</array>
			<key>isa</key>
			<string>PBXGroup</string>
			<key>name</key>
			<string>External</string>
			<key>sourceTree</key>
			<string>&lt;group&gt;</string>
		</dict>
		<key>AE393C0A18DF427B0058AEC6</key>
		<dict>
			<key>fileEncoding</key>
			<string>4</string>
			<key>isa</key>
			<string>PBXFileReference</string>
			<key>lastKnownFileType</key>
			<string>sourcecode.c.objc</string>
			<key>name</key>
			<string>TTHelperSpec.m</string>
			<key>path</key>
			<string>Toastmasters Timer Tests/TTHelperSpec.m</string>
			<key>sourceTree</key>
			<string>&lt;group&gt;</string>
		</dict>
		<key>AE393C0B18DF427B0058AEC6</key>
		<dict>
			<key>fileRef</key>
			<string>AE393C0A18DF427B0058AEC6</string>
			<key>isa</key>
			<string>PBXBuildFile</string>
		</dict>
		<key>AE393C0D18DF49B30058AEC6</key>
		<dict>
			<key>fileEncoding</key>
			<string>4</string>
			<key>isa</key>
			<string>PBXFileReference</string>
			<key>lastKnownFileType</key>
			<string>sourcecode.c.h</string>
			<key>name</key>
			<string>TTStrings.h</string>
			<key>path</key>
			<string>Toastmasters Timer/TTStrings.h</string>
			<key>sourceTree</key>
			<string>&lt;group&gt;</string>
		</dict>
		<key>AE3C7EC017ECF9080071725C</key>
		<dict>
			<key>fileEncoding</key>
			<string>4</string>
			<key>isa</key>
			<string>PBXFileReference</string>
			<key>lastKnownFileType</key>
			<string>sourcecode.c.h</string>
			<key>path</key>
			<string>TTAlertManager.h</string>
			<key>sourceTree</key>
			<string>&lt;group&gt;</string>
		</dict>
		<key>AE3C7EC117ECF9080071725C</key>
		<dict>
			<key>fileEncoding</key>
			<string>4</string>
			<key>isa</key>
			<string>PBXFileReference</string>
			<key>lastKnownFileType</key>
			<string>sourcecode.c.objc</string>
			<key>lineEnding</key>
			<string>0</string>
			<key>path</key>
			<string>TTAlertManager.m</string>
			<key>sourceTree</key>
			<string>&lt;group&gt;</string>
			<key>xcLanguageSpecificationIdentifier</key>
			<string>xcode.lang.objc</string>
		</dict>
		<key>AE3C7EC217ECF9080071725C</key>
		<dict>
			<key>fileRef</key>
			<string>AE3C7EC117ECF9080071725C</string>
			<key>isa</key>
			<string>PBXBuildFile</string>
		</dict>
		<key>AE3C7EC317ECFBA90071725C</key>
		<dict>
			<key>fileEncoding</key>
			<string>4</string>
			<key>isa</key>
			<string>PBXFileReference</string>
			<key>lastKnownFileType</key>
			<string>sourcecode.c.h</string>
			<key>name</key>
			<string>TTConstants.h</string>
			<key>path</key>
			<string>Toastmasters Timer/TTConstants.h</string>
			<key>sourceTree</key>
			<string>&lt;group&gt;</string>
		</dict>
		<key>AE488FC817DD2A510090E139</key>
		<dict>
			<key>children</key>
			<array>
				<string>AE111FAC17D0036300254EF4</string>
				<string>AE111FAD17D0036300254EF4</string>
				<string>AE7223E317BDABCA003B60A5</string>
				<string>AE9F976217BDC4FA00626448</string>
				<string>AE9F976317BDC4FA00626448</string>
				<string>AE7223E517BDAC8B003B60A5</string>
				<string>AE7223E617BDAC8B003B60A5</string>
				<string>AE0BAEBC1874B91B009F8066</string>
				<string>AE0BAEBD1874B91B009F8066</string>
				<string>AEB3E4FB18EE31BF00E6A5FA</string>
				<string>AEB3E4FC18EE31BF00E6A5FA</string>
			</array>
			<key>isa</key>
			<string>PBXGroup</string>
			<key>name</key>
			<string>Views</string>
			<key>path</key>
			<string>Toastmasters Timer</string>
			<key>sourceTree</key>
			<string>&lt;group&gt;</string>
		</dict>
		<key>AE488FC917DD2A5B0090E139</key>
		<dict>
			<key>children</key>
			<array>
				<string>AEB3E4EA18ECEDA400E6A5FA</string>
				<string>AE9F976517BE538100626448</string>
				<string>AE9F976617BE538100626448</string>
				<string>AE7223B917BDAB66003B60A5</string>
				<string>AE7223BA17BDAB66003B60A5</string>
				<string>AE9F976C17BEA00600626448</string>
				<string>AE9F976D17BEA00600626448</string>
				<string>AE3C7EC017ECF9080071725C</string>
				<string>AE3C7EC117ECF9080071725C</string>
			</array>
			<key>isa</key>
			<string>PBXGroup</string>
			<key>name</key>
			<string>Controllers</string>
			<key>path</key>
			<string>Toastmasters Timer</string>
			<key>sourceTree</key>
			<string>&lt;group&gt;</string>
		</dict>
		<key>AE488FCA17DD2AC70090E139</key>
		<dict>
			<key>children</key>
			<array>
				<string>AE0BAEBB1874B6E9009F8066</string>
				<string>AE6BB43317EC779C00D23DD6</string>
				<string>AE5208D017C17034002CFFD7</string>
			</array>
			<key>isa</key>
			<string>PBXGroup</string>
			<key>name</key>
			<string>Libraries</string>
			<key>sourceTree</key>
			<string>&lt;group&gt;</string>
		</dict>
		<key>AE5208A717C054AE002CFFD7</key>
		<dict>
			<key>children</key>
			<array>
				<string>AECC0AF8185AA97500815DA2</string>
				<string>AEAE24E517CAB08300DA265B</string>
				<string>AEAE24E617CAB08300DA265B</string>
				<string>AEF3116217E911C000D10C32</string>
				<string>AEF3116317E911C000D10C32</string>
				<string>AEF3116417E911C000D10C32</string>
				<string>AE111FA017CEE81500254EF4</string>
				<string>AEF3115A17E90DB500D10C32</string>
				<string>AEF3115C17E90EB800D10C32</string>
				<string>AEF3115D17E90EB800D10C32</string>
				<string>AEF3115E17E90EB800D10C32</string>
				<string>AE111FA217CEE81B00254EF4</string>
				<string>AEBAF2F317E7D9B000BA9479</string>
				<string>AEBAF2F417E7D9B000BA9479</string>
				<string>AE111FAF17D019B500254EF4</string>
				<string>AE111FB017D019B500254EF4</string>
				<string>AE5208A817C054AE002CFFD7</string>
				<string>AE5208AE17C0FF63002CFFD7</string>
				<string>AEAE24E717CAB08300DA265B</string>
				<string>AEAE24E817CAB08300DA265B</string>
				<string>AE5208B617C100D2002CFFD7</string>
				<string>AE5208C017C10CE4002CFFD7</string>
				<string>AE5208AF17C0FF63002CFFD7</string>
				<string>AE5208B717C100D2002CFFD7</string>
				<string>AE5208B017C0FF63002CFFD7</string>
				<string>AE5208B117C0FF63002CFFD7</string>
				<string>AEAE24E917CAB08300DA265B</string>
				<string>AEAE24EA17CAB08300DA265B</string>
				<string>AE8D52FA17EE2D1300F265FC</string>
				<string>AE8D52FB17EE2D1300F265FC</string>
				<string>AE5208BC17C10B8C002CFFD7</string>
				<string>AE5208BD17C10B8C002CFFD7</string>
				<string>AE111FA417D0024300254EF4</string>
				<string>AE111FA517D0024300254EF4</string>
				<string>AE111FA617D0024300254EF4</string>
				<string>AE111FA717D0024300254EF4</string>
			</array>
			<key>isa</key>
			<string>PBXGroup</string>
			<key>name</key>
			<string>Images</string>
			<key>path</key>
			<string>Toastmasters Timer/images</string>
			<key>sourceTree</key>
			<string>&lt;group&gt;</string>
		</dict>
		<key>AE5208A817C054AE002CFFD7</key>
		<dict>
			<key>isa</key>
			<string>PBXFileReference</string>
			<key>lastKnownFileType</key>
			<string>image.png</string>
			<key>path</key>
			<string>minus.png</string>
			<key>sourceTree</key>
			<string>&lt;group&gt;</string>
		</dict>
		<key>AE5208AA17C054AE002CFFD7</key>
		<dict>
			<key>fileRef</key>
			<string>AE5208A817C054AE002CFFD7</string>
			<key>isa</key>
			<string>PBXBuildFile</string>
		</dict>
		<key>AE5208AE17C0FF63002CFFD7</key>
		<dict>
			<key>isa</key>
			<string>PBXFileReference</string>
			<key>lastKnownFileType</key>
			<string>image.png</string>
			<key>path</key>
			<string>minus@2x.png</string>
			<key>sourceTree</key>
			<string>&lt;group&gt;</string>
		</dict>
		<key>AE5208AF17C0FF63002CFFD7</key>
		<dict>
			<key>isa</key>
			<string>PBXFileReference</string>
			<key>lastKnownFileType</key>
			<string>image.png</string>
			<key>path</key>
			<string>play.png</string>
			<key>sourceTree</key>
			<string>&lt;group&gt;</string>
		</dict>
		<key>AE5208B017C0FF63002CFFD7</key>
		<dict>
			<key>isa</key>
			<string>PBXFileReference</string>
			<key>lastKnownFileType</key>
			<string>image.png</string>
			<key>path</key>
			<string>plus.png</string>
			<key>sourceTree</key>
			<string>&lt;group&gt;</string>
		</dict>
		<key>AE5208B117C0FF63002CFFD7</key>
		<dict>
			<key>isa</key>
			<string>PBXFileReference</string>
			<key>lastKnownFileType</key>
			<string>image.png</string>
			<key>path</key>
			<string>plus@2x.png</string>
			<key>sourceTree</key>
			<string>&lt;group&gt;</string>
		</dict>
		<key>AE5208B217C0FF63002CFFD7</key>
		<dict>
			<key>fileRef</key>
			<string>AE5208AE17C0FF63002CFFD7</string>
			<key>isa</key>
			<string>PBXBuildFile</string>
		</dict>
		<key>AE5208B317C0FF63002CFFD7</key>
		<dict>
			<key>fileRef</key>
			<string>AE5208AF17C0FF63002CFFD7</string>
			<key>isa</key>
			<string>PBXBuildFile</string>
		</dict>
		<key>AE5208B417C0FF63002CFFD7</key>
		<dict>
			<key>fileRef</key>
			<string>AE5208B017C0FF63002CFFD7</string>
			<key>isa</key>
			<string>PBXBuildFile</string>
		</dict>
		<key>AE5208B517C0FF63002CFFD7</key>
		<dict>
			<key>fileRef</key>
			<string>AE5208B117C0FF63002CFFD7</string>
			<key>isa</key>
			<string>PBXBuildFile</string>
		</dict>
		<key>AE5208B617C100D2002CFFD7</key>
		<dict>
			<key>isa</key>
			<string>PBXFileReference</string>
			<key>lastKnownFileType</key>
			<string>image.png</string>
			<key>path</key>
			<string>pause.png</string>
			<key>sourceTree</key>
			<string>&lt;group&gt;</string>
		</dict>
		<key>AE5208B717C100D2002CFFD7</key>
		<dict>
			<key>isa</key>
			<string>PBXFileReference</string>
			<key>lastKnownFileType</key>
			<string>image.png</string>
			<key>path</key>
			<string>play@2x.png</string>
			<key>sourceTree</key>
			<string>&lt;group&gt;</string>
		</dict>
		<key>AE5208B817C100D2002CFFD7</key>
		<dict>
			<key>fileRef</key>
			<string>AE5208B617C100D2002CFFD7</string>
			<key>isa</key>
			<string>PBXBuildFile</string>
		</dict>
		<key>AE5208B917C100D2002CFFD7</key>
		<dict>
			<key>fileRef</key>
			<string>AE5208B717C100D2002CFFD7</string>
			<key>isa</key>
			<string>PBXBuildFile</string>
		</dict>
		<key>AE5208BC17C10B8C002CFFD7</key>
		<dict>
			<key>isa</key>
			<string>PBXFileReference</string>
			<key>lastKnownFileType</key>
			<string>image.png</string>
			<key>path</key>
			<string>stop.png</string>
			<key>sourceTree</key>
			<string>&lt;group&gt;</string>
		</dict>
		<key>AE5208BD17C10B8C002CFFD7</key>
		<dict>
			<key>isa</key>
			<string>PBXFileReference</string>
			<key>lastKnownFileType</key>
			<string>image.png</string>
			<key>path</key>
			<string>stop@2x.png</string>
			<key>sourceTree</key>
			<string>&lt;group&gt;</string>
		</dict>
		<key>AE5208BE17C10B8C002CFFD7</key>
		<dict>
			<key>fileRef</key>
			<string>AE5208BC17C10B8C002CFFD7</string>
			<key>isa</key>
			<string>PBXBuildFile</string>
		</dict>
		<key>AE5208BF17C10B8C002CFFD7</key>
		<dict>
			<key>fileRef</key>
			<string>AE5208BD17C10B8C002CFFD7</string>
			<key>isa</key>
			<string>PBXBuildFile</string>
		</dict>
		<key>AE5208C017C10CE4002CFFD7</key>
		<dict>
			<key>isa</key>
			<string>PBXFileReference</string>
			<key>lastKnownFileType</key>
			<string>image.png</string>
			<key>path</key>
			<string>pause@2x.png</string>
			<key>sourceTree</key>
			<string>&lt;group&gt;</string>
		</dict>
		<key>AE5208C117C10CE4002CFFD7</key>
		<dict>
			<key>fileRef</key>
			<string>AE5208C017C10CE4002CFFD7</string>
			<key>isa</key>
			<string>PBXBuildFile</string>
		</dict>
		<key>AE5208CE17C16FFA002CFFD7</key>
		<dict>
			<key>isa</key>
			<string>PBXFileReference</string>
			<key>lastKnownFileType</key>
			<string>wrapper.framework</string>
			<key>name</key>
			<string>QuartzCore.framework</string>
			<key>path</key>
			<string>System/Library/Frameworks/QuartzCore.framework</string>
			<key>sourceTree</key>
			<string>SDKROOT</string>
		</dict>
		<key>AE5208CF17C16FFA002CFFD7</key>
		<dict>
			<key>fileRef</key>
			<string>AE5208CE17C16FFA002CFFD7</string>
			<key>isa</key>
			<string>PBXBuildFile</string>
		</dict>
		<key>AE5208D017C17034002CFFD7</key>
		<dict>
			<key>children</key>
			<array>
				<string>AE5208D117C17034002CFFD7</string>
				<string>AE5208D217C17034002CFFD7</string>
			</array>
			<key>isa</key>
			<string>PBXGroup</string>
			<key>name</key>
			<string>Toast</string>
			<key>path</key>
			<string>Toastmasters Timer/libraries/Toast</string>
			<key>sourceTree</key>
			<string>&lt;group&gt;</string>
		</dict>
		<key>AE5208D117C17034002CFFD7</key>
		<dict>
			<key>fileEncoding</key>
			<string>4</string>
			<key>isa</key>
			<string>PBXFileReference</string>
			<key>lastKnownFileType</key>
			<string>sourcecode.c.h</string>
			<key>path</key>
			<string>Toast+UIView.h</string>
			<key>sourceTree</key>
			<string>&lt;group&gt;</string>
		</dict>
		<key>AE5208D217C17034002CFFD7</key>
		<dict>
			<key>fileEncoding</key>
			<string>4</string>
			<key>isa</key>
			<string>PBXFileReference</string>
			<key>lastKnownFileType</key>
			<string>sourcecode.c.objc</string>
			<key>path</key>
			<string>Toast+UIView.m</string>
			<key>sourceTree</key>
			<string>&lt;group&gt;</string>
		</dict>
		<key>AE5208D317C17034002CFFD7</key>
		<dict>
			<key>fileRef</key>
			<string>AE5208D217C17034002CFFD7</string>
			<key>isa</key>
			<string>PBXBuildFile</string>
			<key>settings</key>
			<dict>
				<key>COMPILER_FLAGS</key>
				<string>-fno-objc-arc -w</string>
			</dict>
		</dict>
		<key>AE6BB43317EC779C00D23DD6</key>
		<dict>
			<key>children</key>
			<array>
				<string>AE6BB43417EC779C00D23DD6</string>
				<string>AE6BB43517EC779C00D23DD6</string>
			</array>
			<key>isa</key>
			<string>PBXGroup</string>
			<key>name</key>
			<string>SGDeepCopy</string>
			<key>path</key>
			<string>Toastmasters Timer/libraries/SGDeepCopy</string>
			<key>sourceTree</key>
			<string>&lt;group&gt;</string>
		</dict>
		<key>AE6BB43417EC779C00D23DD6</key>
		<dict>
			<key>fileEncoding</key>
			<string>4</string>
			<key>isa</key>
			<string>PBXFileReference</string>
			<key>lastKnownFileType</key>
			<string>sourcecode.c.h</string>
			<key>path</key>
			<string>SGDeepCopy.h</string>
			<key>sourceTree</key>
			<string>&lt;group&gt;</string>
		</dict>
		<key>AE6BB43517EC779C00D23DD6</key>
		<dict>
			<key>fileEncoding</key>
			<string>4</string>
			<key>isa</key>
			<string>PBXFileReference</string>
			<key>lastKnownFileType</key>
			<string>sourcecode.c.objc</string>
			<key>path</key>
			<string>SGDeepCopy.m</string>
			<key>sourceTree</key>
			<string>&lt;group&gt;</string>
		</dict>
		<key>AE6BB43617EC779C00D23DD6</key>
		<dict>
			<key>fileRef</key>
			<string>AE6BB43517EC779C00D23DD6</string>
			<key>isa</key>
			<string>PBXBuildFile</string>
		</dict>
		<key>AE72239C17BDAB65003B60A5</key>
		<dict>
			<key>children</key>
			<array>
				<string>AE06488318B91C65006902A4</string>
				<string>AE1FF8CE18B927590074AC7B</string>
				<string>AE06488218B91BEF006902A4</string>
				<string>79E8424783BC43CA9202D5DD</string>
				<string>A8270FFA71A3463F9296307F</string>
			</array>
			<key>isa</key>
			<string>PBXGroup</string>
			<key>sourceTree</key>
			<string>&lt;group&gt;</string>
		</dict>
		<key>AE72239D17BDAB65003B60A5</key>
		<dict>
			<key>attributes</key>
			<dict>
				<key>CLASSPREFIX</key>
				<string>TT</string>
				<key>LastUpgradeCheck</key>
				<string>0510</string>
				<key>ORGANIZATIONNAME</key>
				<string>Sundeep Gupta</string>
				<key>TargetAttributes</key>
				<dict>
					<key>AE0648A318B924B0006902A4</key>
					<dict>
						<key>TestTargetID</key>
						<string>AE7223A417BDAB65003B60A5</string>
					</dict>
					<key>AE7223A417BDAB65003B60A5</key>
					<dict>
						<key>DevelopmentTeam</key>
						<string>M3NJ52HVCE</string>
					</dict>
				</dict>
			</dict>
			<key>buildConfigurationList</key>
			<string>AE7223A017BDAB65003B60A5</string>
			<key>compatibilityVersion</key>
			<string>Xcode 3.2</string>
			<key>developmentRegion</key>
			<string>English</string>
			<key>hasScannedForEncodings</key>
			<string>0</string>
			<key>isa</key>
			<string>PBXProject</string>
			<key>knownRegions</key>
			<array>
				<string>en</string>
			</array>
			<key>mainGroup</key>
			<string>AE72239C17BDAB65003B60A5</string>
			<key>productRefGroup</key>
			<string>AE7223A617BDAB65003B60A5</string>
			<key>projectDirPath</key>
			<string></string>
			<key>projectReferences</key>
			<array/>
			<key>projectRoot</key>
			<string></string>
			<key>targets</key>
			<array>
				<string>AE7223A417BDAB65003B60A5</string>
				<string>AE0648A318B924B0006902A4</string>
			</array>
		</dict>
		<key>AE7223A017BDAB65003B60A5</key>
		<dict>
			<key>buildConfigurations</key>
			<array>
				<string>AE7223DB17BDAB66003B60A5</string>
				<string>AE7223DC17BDAB66003B60A5</string>
			</array>
			<key>defaultConfigurationIsVisible</key>
			<string>0</string>
			<key>defaultConfigurationName</key>
			<string>Release</string>
			<key>isa</key>
			<string>XCConfigurationList</string>
		</dict>
		<key>AE7223A117BDAB65003B60A5</key>
		<dict>
			<key>buildActionMask</key>
			<string>2147483647</string>
			<key>files</key>
			<array>
				<string>AE7223B717BDAB66003B60A5</string>
				<string>AE7223BB17BDAB66003B60A5</string>
				<string>AE3C7EC217ECF9080071725C</string>
				<string>AE7223E717BDAC8B003B60A5</string>
				<string>AE6BB43617EC779C00D23DD6</string>
				<string>AE9F976417BDC4FA00626448</string>
				<string>AE9F976717BE538100626448</string>
				<string>AE8732601831D51200BDD4B2</string>
				<string>AE0BAEBE1874B91B009F8066</string>
				<string>AE9F976E17BEA00600626448</string>
				<string>AECC0AF41856B61400815DA2</string>
				<string>AEB3E4FD18EE31BF00E6A5FA</string>
				<string>AE5208D317C17034002CFFD7</string>
				<string>AE111FAE17D0036300254EF4</string>
			</array>
			<key>isa</key>
			<string>PBXSourcesBuildPhase</string>
			<key>runOnlyForDeploymentPostprocessing</key>
			<string>0</string>
		</dict>
		<key>AE7223A217BDAB65003B60A5</key>
		<dict>
			<key>buildActionMask</key>
			<string>2147483647</string>
			<key>files</key>
			<array>
				<string>AE111FB417D01FE700254EF4</string>
				<string>AE0BAEC8187BA11F009F8066</string>
				<string>AE111F9B17CED99900254EF4</string>
				<string>AE5208CF17C16FFA002CFFD7</string>
				<string>AEDA15A217BDB2F300AC9DBA</string>
				<string>AE7223A917BDAB65003B60A5</string>
				<string>AE7223AB17BDAB65003B60A5</string>
				<string>AE7223AD17BDAB65003B60A5</string>
				<string>AE7223AF17BDAB65003B60A5</string>
				<string>892860AD74CE40D1A754749B</string>
			</array>
			<key>isa</key>
			<string>PBXFrameworksBuildPhase</string>
			<key>runOnlyForDeploymentPostprocessing</key>
			<string>0</string>
		</dict>
		<key>AE7223A317BDAB65003B60A5</key>
		<dict>
			<key>buildActionMask</key>
			<string>2147483647</string>
			<key>files</key>
			<array>
				<string>AE7223B517BDAB66003B60A5</string>
				<string>AEBAF2F617E7D9B000BA9479</string>
				<string>AEF3116517E911C000D10C32</string>
				<string>AE7223E417BDABCA003B60A5</string>
				<string>AE5208AA17C054AE002CFFD7</string>
				<string>AE5208B217C0FF63002CFFD7</string>
				<string>AE5208B317C0FF63002CFFD7</string>
				<string>AE5208B417C0FF63002CFFD7</string>
				<string>AE5208B517C0FF63002CFFD7</string>
				<string>AE5208B817C100D2002CFFD7</string>
				<string>AEBAF2F517E7D9B000BA9479</string>
				<string>AE5208B917C100D2002CFFD7</string>
				<string>AEF3115B17E90DB500D10C32</string>
				<string>AEF3116717E911C000D10C32</string>
				<string>AE5208BE17C10B8C002CFFD7</string>
				<string>AECC0AF9185AA97500815DA2</string>
				<string>AE5208BF17C10B8C002CFFD7</string>
				<string>AE5208C117C10CE4002CFFD7</string>
				<string>AEF3115F17E90EB800D10C32</string>
				<string>AEAE24EB17CAB08300DA265B</string>
				<string>AEAE24EC17CAB08300DA265B</string>
				<string>AE8D52FF17EE2D1300F265FC</string>
				<string>AEAE24ED17CAB08300DA265B</string>
				<string>AEAE24EE17CAB08300DA265B</string>
				<string>AEAE24EF17CAB08300DA265B</string>
				<string>AE8D52FE17EE2D1300F265FC</string>
				<string>AEF3116617E911C000D10C32</string>
				<string>AEAE24F017CAB08300DA265B</string>
				<string>AE111FA117CEE81500254EF4</string>
				<string>AE111FA317CEE81B00254EF4</string>
				<string>AE111FA817D0024400254EF4</string>
				<string>AEF3116117E90EB800D10C32</string>
				<string>AE111FA917D0024400254EF4</string>
				<string>AE111FAA17D0024400254EF4</string>
				<string>AE111FAB17D0024400254EF4</string>
				<string>AE111FB117D019B500254EF4</string>
				<string>AEF3116017E90EB800D10C32</string>
				<string>AE111FB217D019B500254EF4</string>
			</array>
			<key>isa</key>
			<string>PBXResourcesBuildPhase</string>
			<key>runOnlyForDeploymentPostprocessing</key>
			<string>0</string>
		</dict>
		<key>AE7223A417BDAB65003B60A5</key>
		<dict>
			<key>buildConfigurationList</key>
			<string>AE7223DD17BDAB66003B60A5</string>
			<key>buildPhases</key>
			<array>
				<string>F6079043BE5B41BE8CD19E37</string>
				<string>AE0BAEC51878D4AB009F8066</string>
				<string>AE7223A117BDAB65003B60A5</string>
				<string>AE7223A217BDAB65003B60A5</string>
				<string>AE7223A317BDAB65003B60A5</string>
				<string>AE0BAEC6187BA0CA009F8066</string>
				<string>DAE3F2B8B7D94D5CBB85ED05</string>
			</array>
			<key>buildRules</key>
			<array/>
			<key>dependencies</key>
			<array/>
			<key>isa</key>
			<string>PBXNativeTarget</string>
			<key>name</key>
			<string>Toastmasters Timer</string>
			<key>productName</key>
			<string>Toastmasters Timer</string>
			<key>productReference</key>
			<string>AE7223A517BDAB65003B60A5</string>
			<key>productType</key>
			<string>com.apple.product-type.application</string>
		</dict>
		<key>AE7223A517BDAB65003B60A5</key>
		<dict>
			<key>explicitFileType</key>
			<string>wrapper.application</string>
			<key>includeInIndex</key>
			<string>0</string>
			<key>isa</key>
			<string>PBXFileReference</string>
			<key>path</key>
			<string>Toastmasters Timer.app</string>
			<key>sourceTree</key>
			<string>BUILT_PRODUCTS_DIR</string>
		</dict>
		<key>AE7223A617BDAB65003B60A5</key>
		<dict>
			<key>children</key>
			<array>
				<string>AE7223A517BDAB65003B60A5</string>
				<string>AE0648A418B924B0006902A4</string>
			</array>
			<key>isa</key>
			<string>PBXGroup</string>
			<key>name</key>
			<string>Products</string>
			<key>path</key>
			<string>..</string>
			<key>sourceTree</key>
			<string>&lt;group&gt;</string>
		</dict>
		<key>AE7223A817BDAB65003B60A5</key>
		<dict>
			<key>isa</key>
			<string>PBXFileReference</string>
			<key>lastKnownFileType</key>
			<string>wrapper.framework</string>
			<key>name</key>
			<string>UIKit.framework</string>
			<key>path</key>
			<string>System/Library/Frameworks/UIKit.framework</string>
			<key>sourceTree</key>
			<string>SDKROOT</string>
		</dict>
		<key>AE7223A917BDAB65003B60A5</key>
		<dict>
			<key>fileRef</key>
			<string>AE7223A817BDAB65003B60A5</string>
			<key>isa</key>
			<string>PBXBuildFile</string>
		</dict>
		<key>AE7223AA17BDAB65003B60A5</key>
		<dict>
			<key>isa</key>
			<string>PBXFileReference</string>
			<key>lastKnownFileType</key>
			<string>wrapper.framework</string>
			<key>name</key>
			<string>Foundation.framework</string>
			<key>path</key>
			<string>System/Library/Frameworks/Foundation.framework</string>
			<key>sourceTree</key>
			<string>SDKROOT</string>
		</dict>
		<key>AE7223AB17BDAB65003B60A5</key>
		<dict>
			<key>fileRef</key>
			<string>AE7223AA17BDAB65003B60A5</string>
			<key>isa</key>
			<string>PBXBuildFile</string>
		</dict>
		<key>AE7223AC17BDAB65003B60A5</key>
		<dict>
			<key>isa</key>
			<string>PBXFileReference</string>
			<key>lastKnownFileType</key>
			<string>wrapper.framework</string>
			<key>name</key>
			<string>CoreGraphics.framework</string>
			<key>path</key>
			<string>System/Library/Frameworks/CoreGraphics.framework</string>
			<key>sourceTree</key>
			<string>SDKROOT</string>
		</dict>
		<key>AE7223AD17BDAB65003B60A5</key>
		<dict>
			<key>fileRef</key>
			<string>AE7223AC17BDAB65003B60A5</string>
			<key>isa</key>
			<string>PBXBuildFile</string>
		</dict>
		<key>AE7223AE17BDAB65003B60A5</key>
		<dict>
			<key>isa</key>
			<string>PBXFileReference</string>
			<key>lastKnownFileType</key>
			<string>wrapper.framework</string>
			<key>name</key>
			<string>CoreData.framework</string>
			<key>path</key>
			<string>System/Library/Frameworks/CoreData.framework</string>
			<key>sourceTree</key>
			<string>SDKROOT</string>
		</dict>
		<key>AE7223AF17BDAB65003B60A5</key>
		<dict>
			<key>fileRef</key>
			<string>AE7223AE17BDAB65003B60A5</string>
			<key>isa</key>
			<string>PBXBuildFile</string>
		</dict>
		<key>AE7223B117BDAB66003B60A5</key>
		<dict>
			<key>children</key>
			<array>
				<string>AE7223B617BDAB66003B60A5</string>
				<string>B4CF1A3C75604EC39B94C368</string>
				<string>AE7223A617BDAB65003B60A5</string>
				<string>AE7223B217BDAB66003B60A5</string>
				<string>AE7223B817BDAB66003B60A5</string>
			</array>
			<key>isa</key>
			<string>PBXGroup</string>
			<key>name</key>
			<string>Supporting Files</string>
			<key>path</key>
			<string>Toastmasters Timer</string>
			<key>sourceTree</key>
			<string>&lt;group&gt;</string>
		</dict>
		<key>AE7223B217BDAB66003B60A5</key>
		<dict>
			<key>isa</key>
			<string>PBXFileReference</string>
			<key>lastKnownFileType</key>
			<string>text.plist.xml</string>
			<key>path</key>
			<string>Toastmasters Timer-Info.plist</string>
			<key>sourceTree</key>
			<string>&lt;group&gt;</string>
		</dict>
		<key>AE7223B317BDAB66003B60A5</key>
		<dict>
			<key>children</key>
			<array>
				<string>AE7223B417BDAB66003B60A5</string>
			</array>
			<key>isa</key>
			<string>PBXVariantGroup</string>
			<key>name</key>
			<string>InfoPlist.strings</string>
			<key>path</key>
			<string>Toastmasters Timer</string>
			<key>sourceTree</key>
			<string>&lt;group&gt;</string>
		</dict>
		<key>AE7223B417BDAB66003B60A5</key>
		<dict>
			<key>isa</key>
			<string>PBXFileReference</string>
			<key>lastKnownFileType</key>
			<string>text.plist.strings</string>
			<key>name</key>
			<string>en</string>
			<key>path</key>
			<string>en.lproj/InfoPlist.strings</string>
			<key>sourceTree</key>
			<string>&lt;group&gt;</string>
		</dict>
		<key>AE7223B517BDAB66003B60A5</key>
		<dict>
			<key>fileRef</key>
			<string>AE7223B317BDAB66003B60A5</string>
			<key>isa</key>
			<string>PBXBuildFile</string>
		</dict>
		<key>AE7223B617BDAB66003B60A5</key>
		<dict>
			<key>isa</key>
			<string>PBXFileReference</string>
			<key>lastKnownFileType</key>
			<string>sourcecode.c.objc</string>
			<key>path</key>
			<string>main.m</string>
			<key>sourceTree</key>
			<string>&lt;group&gt;</string>
		</dict>
		<key>AE7223B717BDAB66003B60A5</key>
		<dict>
			<key>fileRef</key>
			<string>AE7223B617BDAB66003B60A5</string>
			<key>isa</key>
			<string>PBXBuildFile</string>
		</dict>
		<key>AE7223B817BDAB66003B60A5</key>
		<dict>
			<key>isa</key>
			<string>PBXFileReference</string>
			<key>lastKnownFileType</key>
			<string>sourcecode.c.h</string>
			<key>path</key>
			<string>Toastmasters Timer-Prefix.pch</string>
			<key>sourceTree</key>
			<string>&lt;group&gt;</string>
		</dict>
		<key>AE7223B917BDAB66003B60A5</key>
		<dict>
			<key>isa</key>
			<string>PBXFileReference</string>
			<key>lastKnownFileType</key>
			<string>sourcecode.c.h</string>
			<key>path</key>
			<string>TTAppDelegate.h</string>
			<key>sourceTree</key>
			<string>&lt;group&gt;</string>
		</dict>
		<key>AE7223BA17BDAB66003B60A5</key>
		<dict>
			<key>isa</key>
			<string>PBXFileReference</string>
			<key>lastKnownFileType</key>
			<string>sourcecode.c.objc</string>
			<key>path</key>
			<string>TTAppDelegate.m</string>
			<key>sourceTree</key>
			<string>&lt;group&gt;</string>
		</dict>
		<key>AE7223BB17BDAB66003B60A5</key>
		<dict>
			<key>fileRef</key>
			<string>AE7223BA17BDAB66003B60A5</string>
			<key>isa</key>
			<string>PBXBuildFile</string>
		</dict>
		<key>AE7223CB17BDAB66003B60A5</key>
		<dict>
			<key>isa</key>
			<string>PBXFileReference</string>
			<key>lastKnownFileType</key>
			<string>wrapper.framework</string>
			<key>name</key>
			<string>SenTestingKit.framework</string>
			<key>path</key>
			<string>Library/Frameworks/SenTestingKit.framework</string>
			<key>sourceTree</key>
			<string>DEVELOPER_DIR</string>
		</dict>
		<key>AE7223DB17BDAB66003B60A5</key>
		<dict>
			<key>buildSettings</key>
			<dict>
				<key>ALWAYS_SEARCH_USER_PATHS</key>
				<string>NO</string>
				<key>CLANG_CXX_LANGUAGE_STANDARD</key>
				<string>gnu++0x</string>
				<key>CLANG_CXX_LIBRARY</key>
				<string>libc++</string>
				<key>CLANG_ENABLE_OBJC_ARC</key>
				<string>YES</string>
				<key>CLANG_WARN_CONSTANT_CONVERSION</key>
				<string>YES</string>
				<key>CLANG_WARN_EMPTY_BODY</key>
				<string>YES</string>
				<key>CLANG_WARN_ENUM_CONVERSION</key>
				<string>YES</string>
				<key>CLANG_WARN_INT_CONVERSION</key>
				<string>YES</string>
				<key>CLANG_WARN__DUPLICATE_METHOD_MATCH</key>
				<string>YES</string>
				<key>CODE_SIGN_IDENTITY[sdk=iphoneos*]</key>
				<string>iPhone Developer</string>
				<key>COPY_PHASE_STRIP</key>
				<string>NO</string>
				<key>GCC_C_LANGUAGE_STANDARD</key>
				<string>gnu99</string>
				<key>GCC_DYNAMIC_NO_PIC</key>
				<string>NO</string>
				<key>GCC_OPTIMIZATION_LEVEL</key>
				<string>0</string>
				<key>GCC_PREPROCESSOR_DEFINITIONS</key>
				<array>
					<string>DEBUG=1</string>
					<string>$(inherited)</string>
				</array>
				<key>GCC_SYMBOLS_PRIVATE_EXTERN</key>
				<string>NO</string>
				<key>GCC_WARN_ABOUT_RETURN_TYPE</key>
				<string>YES</string>
				<key>GCC_WARN_UNINITIALIZED_AUTOS</key>
				<string>YES</string>
				<key>GCC_WARN_UNUSED_VARIABLE</key>
				<string>YES</string>
				<key>IPHONEOS_DEPLOYMENT_TARGET</key>
				<string>7.0</string>
				<key>ONLY_ACTIVE_ARCH</key>
				<string>YES</string>
				<key>SDKROOT</key>
				<string>iphoneos</string>
			</dict>
			<key>isa</key>
			<string>XCBuildConfiguration</string>
			<key>name</key>
			<string>Debug</string>
		</dict>
		<key>AE7223DC17BDAB66003B60A5</key>
		<dict>
			<key>buildSettings</key>
			<dict>
				<key>ALWAYS_SEARCH_USER_PATHS</key>
				<string>NO</string>
				<key>CLANG_CXX_LANGUAGE_STANDARD</key>
				<string>gnu++0x</string>
				<key>CLANG_CXX_LIBRARY</key>
				<string>libc++</string>
				<key>CLANG_ENABLE_OBJC_ARC</key>
				<string>YES</string>
				<key>CLANG_WARN_CONSTANT_CONVERSION</key>
				<string>YES</string>
				<key>CLANG_WARN_EMPTY_BODY</key>
				<string>YES</string>
				<key>CLANG_WARN_ENUM_CONVERSION</key>
				<string>YES</string>
				<key>CLANG_WARN_INT_CONVERSION</key>
				<string>YES</string>
				<key>CLANG_WARN__DUPLICATE_METHOD_MATCH</key>
				<string>YES</string>
				<key>CODE_SIGN_IDENTITY[sdk=iphoneos*]</key>
				<string>iPhone Developer</string>
				<key>COPY_PHASE_STRIP</key>
				<string>YES</string>
				<key>GCC_C_LANGUAGE_STANDARD</key>
				<string>gnu99</string>
				<key>GCC_WARN_ABOUT_RETURN_TYPE</key>
				<string>YES</string>
				<key>GCC_WARN_UNINITIALIZED_AUTOS</key>
				<string>YES</string>
				<key>GCC_WARN_UNUSED_VARIABLE</key>
				<string>YES</string>
				<key>IPHONEOS_DEPLOYMENT_TARGET</key>
				<string>7.0</string>
				<key>OTHER_CFLAGS</key>
				<string>-DNS_BLOCK_ASSERTIONS=1</string>
				<key>SDKROOT</key>
				<string>iphoneos</string>
				<key>VALIDATE_PRODUCT</key>
				<string>YES</string>
			</dict>
			<key>isa</key>
			<string>XCBuildConfiguration</string>
			<key>name</key>
			<string>Release</string>
		</dict>
		<key>AE7223DD17BDAB66003B60A5</key>
		<dict>
			<key>buildConfigurations</key>
			<array>
				<string>AE7223DE17BDAB66003B60A5</string>
				<string>AE7223DF17BDAB66003B60A5</string>
			</array>
			<key>defaultConfigurationIsVisible</key>
			<string>0</string>
			<key>defaultConfigurationName</key>
			<string>Release</string>
			<key>isa</key>
			<string>XCConfigurationList</string>
		</dict>
		<key>AE7223DE17BDAB66003B60A5</key>
		<dict>
			<key>baseConfigurationReference</key>
			<string>B4CF1A3C75604EC39B94C368</string>
			<key>buildSettings</key>
			<dict>
				<key>CODE_SIGN_IDENTITY</key>
				<string></string>
				<key>FRAMEWORK_SEARCH_PATHS</key>
				<array>
					<string>$(inherited)</string>
					<string>/Users/sundeep/drive/projects/toastmastersTimer/app</string>
				</array>
				<key>GCC_PRECOMPILE_PREFIX_HEADER</key>
				<string>YES</string>
				<key>GCC_PREFIX_HEADER</key>
				<string>Toastmasters Timer/Toastmasters Timer-Prefix.pch</string>
				<key>INFOPLIST_FILE</key>
				<string>Toastmasters Timer/Toastmasters Timer-Info.plist</string>
				<key>IPHONEOS_DEPLOYMENT_TARGET</key>
				<string>7.0</string>
				<key>LIBRARY_SEARCH_PATHS</key>
				<string>$(inherited)</string>
				<key>PRODUCT_NAME</key>
				<string>$(TARGET_NAME)</string>
				<key>PROVISIONING_PROFILE</key>
				<string>5BA8E67F-F9CA-49DF-B94F-3C5383B1D85B</string>
				<key>WRAPPER_EXTENSION</key>
				<string>app</string>
			</dict>
			<key>isa</key>
			<string>XCBuildConfiguration</string>
			<key>name</key>
			<string>Debug</string>
		</dict>
		<key>AE7223DF17BDAB66003B60A5</key>
		<dict>
			<key>baseConfigurationReference</key>
			<string>B4CF1A3C75604EC39B94C368</string>
			<key>buildSettings</key>
			<dict>
				<key>CODE_SIGN_IDENTITY</key>
				<string></string>
				<key>FRAMEWORK_SEARCH_PATHS</key>
				<array>
					<string>$(inherited)</string>
					<string>/Users/sundeep/drive/projects/toastmastersTimer/app</string>
				</array>
				<key>GCC_PRECOMPILE_PREFIX_HEADER</key>
				<string>YES</string>
				<key>GCC_PREFIX_HEADER</key>
				<string>Toastmasters Timer/Toastmasters Timer-Prefix.pch</string>
				<key>INFOPLIST_FILE</key>
				<string>Toastmasters Timer/Toastmasters Timer-Info.plist</string>
				<key>IPHONEOS_DEPLOYMENT_TARGET</key>
				<string>7.0</string>
				<key>LIBRARY_SEARCH_PATHS</key>
				<string>$(inherited)</string>
				<key>PRODUCT_NAME</key>
				<string>$(TARGET_NAME)</string>
				<key>PROVISIONING_PROFILE</key>
				<string>71363225-3173-4FF0-9279-BAF34E07A74A</string>
				<key>WRAPPER_EXTENSION</key>
				<string>app</string>
			</dict>
			<key>isa</key>
			<string>XCBuildConfiguration</string>
			<key>name</key>
			<string>Release</string>
		</dict>
		<key>AE7223E317BDABCA003B60A5</key>
		<dict>
			<key>fileEncoding</key>
			<string>4</string>
			<key>isa</key>
			<string>PBXFileReference</string>
			<key>lastKnownFileType</key>
			<string>file.storyboard</string>
			<key>path</key>
			<string>Storyboard.storyboard</string>
			<key>sourceTree</key>
			<string>&lt;group&gt;</string>
		</dict>
		<key>AE7223E417BDABCA003B60A5</key>
		<dict>
			<key>fileRef</key>
			<string>AE7223E317BDABCA003B60A5</string>
			<key>isa</key>
			<string>PBXBuildFile</string>
		</dict>
		<key>AE7223E517BDAC8B003B60A5</key>
		<dict>
			<key>fileEncoding</key>
			<string>4</string>
			<key>isa</key>
			<string>PBXFileReference</string>
			<key>lastKnownFileType</key>
			<string>sourcecode.c.h</string>
			<key>path</key>
			<string>TTTimerVC.h</string>
			<key>sourceTree</key>
			<string>&lt;group&gt;</string>
		</dict>
		<key>AE7223E617BDAC8B003B60A5</key>
		<dict>
			<key>fileEncoding</key>
			<string>4</string>
			<key>isa</key>
			<string>PBXFileReference</string>
			<key>lastKnownFileType</key>
			<string>sourcecode.c.objc</string>
			<key>lineEnding</key>
			<string>0</string>
			<key>path</key>
			<string>TTTimerVC.m</string>
			<key>sourceTree</key>
			<string>&lt;group&gt;</string>
			<key>xcLanguageSpecificationIdentifier</key>
			<string>xcode.lang.objc</string>
		</dict>
		<key>AE7223E717BDAC8B003B60A5</key>
		<dict>
			<key>fileRef</key>
			<string>AE7223E617BDAC8B003B60A5</string>
			<key>isa</key>
			<string>PBXBuildFile</string>
		</dict>
		<key>AE87325E1831D51200BDD4B2</key>
		<dict>
			<key>fileEncoding</key>
			<string>4</string>
			<key>isa</key>
			<string>PBXFileReference</string>
			<key>lastKnownFileType</key>
			<string>sourcecode.c.h</string>
			<key>path</key>
			<string>SGScrollWheel.h</string>
			<key>sourceTree</key>
			<string>&lt;group&gt;</string>
		</dict>
		<key>AE87325F1831D51200BDD4B2</key>
		<dict>
			<key>fileEncoding</key>
			<string>4</string>
			<key>isa</key>
			<string>PBXFileReference</string>
			<key>lastKnownFileType</key>
			<string>sourcecode.c.objc</string>
			<key>path</key>
			<string>SGScrollWheel.m</string>
			<key>sourceTree</key>
			<string>&lt;group&gt;</string>
		</dict>
		<key>AE8732601831D51200BDD4B2</key>
		<dict>
			<key>fileRef</key>
			<string>AE87325F1831D51200BDD4B2</string>
			<key>isa</key>
			<string>PBXBuildFile</string>
		</dict>
		<key>AE8D52FA17EE2D1300F265FC</key>
		<dict>
			<key>isa</key>
			<string>PBXFileReference</string>
			<key>lastKnownFileType</key>
			<string>image.png</string>
			<key>path</key>
			<string>speakerOn.png</string>
			<key>sourceTree</key>
			<string>&lt;group&gt;</string>
		</dict>
		<key>AE8D52FB17EE2D1300F265FC</key>
		<dict>
			<key>isa</key>
			<string>PBXFileReference</string>
			<key>lastKnownFileType</key>
			<string>image.png</string>
			<key>path</key>
			<string>speakerOn@2x.png</string>
			<key>sourceTree</key>
			<string>&lt;group&gt;</string>
		</dict>
		<key>AE8D52FE17EE2D1300F265FC</key>
		<dict>
			<key>fileRef</key>
			<string>AE8D52FA17EE2D1300F265FC</string>
			<key>isa</key>
			<string>PBXBuildFile</string>
		</dict>
		<key>AE8D52FF17EE2D1300F265FC</key>
		<dict>
			<key>fileRef</key>
			<string>AE8D52FB17EE2D1300F265FC</string>
			<key>isa</key>
			<string>PBXBuildFile</string>
		</dict>
		<key>AE9F976217BDC4FA00626448</key>
		<dict>
			<key>fileEncoding</key>
			<string>4</string>
			<key>isa</key>
			<string>PBXFileReference</string>
			<key>lastKnownFileType</key>
			<string>sourcecode.c.h</string>
			<key>path</key>
			<string>TTTimeEntryVC.h</string>
			<key>sourceTree</key>
			<string>&lt;group&gt;</string>
		</dict>
		<key>AE9F976317BDC4FA00626448</key>
		<dict>
			<key>fileEncoding</key>
			<string>4</string>
			<key>isa</key>
			<string>PBXFileReference</string>
			<key>lastKnownFileType</key>
			<string>sourcecode.c.objc</string>
			<key>lineEnding</key>
			<string>0</string>
			<key>path</key>
			<string>TTTimeEntryVC.m</string>
			<key>sourceTree</key>
			<string>&lt;group&gt;</string>
			<key>xcLanguageSpecificationIdentifier</key>
			<string>xcode.lang.objc</string>
		</dict>
		<key>AE9F976417BDC4FA00626448</key>
		<dict>
			<key>fileRef</key>
			<string>AE9F976317BDC4FA00626448</string>
			<key>isa</key>
			<string>PBXBuildFile</string>
		</dict>
		<key>AE9F976517BE538100626448</key>
		<dict>
			<key>fileEncoding</key>
			<string>4</string>
			<key>isa</key>
			<string>PBXFileReference</string>
			<key>lastKnownFileType</key>
			<string>sourcecode.c.h</string>
			<key>path</key>
			<string>TTTimer.h</string>
			<key>sourceTree</key>
			<string>&lt;group&gt;</string>
		</dict>
		<key>AE9F976617BE538100626448</key>
		<dict>
			<key>fileEncoding</key>
			<string>4</string>
			<key>isa</key>
			<string>PBXFileReference</string>
			<key>lastKnownFileType</key>
			<string>sourcecode.c.objc</string>
			<key>path</key>
			<string>TTTimer.m</string>
			<key>sourceTree</key>
			<string>&lt;group&gt;</string>
		</dict>
		<key>AE9F976717BE538100626448</key>
		<dict>
			<key>fileRef</key>
			<string>AE9F976617BE538100626448</string>
			<key>isa</key>
			<string>PBXBuildFile</string>
		</dict>
		<key>AE9F976C17BEA00600626448</key>
		<dict>
			<key>fileEncoding</key>
			<string>4</string>
			<key>isa</key>
			<string>PBXFileReference</string>
			<key>lastKnownFileType</key>
			<string>sourcecode.c.h</string>
			<key>path</key>
			<string>TTHelper.h</string>
			<key>sourceTree</key>
			<string>&lt;group&gt;</string>
		</dict>
		<key>AE9F976D17BEA00600626448</key>
		<dict>
			<key>fileEncoding</key>
			<string>4</string>
			<key>isa</key>
			<string>PBXFileReference</string>
			<key>lastKnownFileType</key>
			<string>sourcecode.c.objc</string>
			<key>lineEnding</key>
			<string>0</string>
			<key>path</key>
			<string>TTHelper.m</string>
			<key>sourceTree</key>
			<string>&lt;group&gt;</string>
			<key>xcLanguageSpecificationIdentifier</key>
			<string>xcode.lang.objc</string>
		</dict>
		<key>AE9F976E17BEA00600626448</key>
		<dict>
			<key>fileRef</key>
			<string>AE9F976D17BEA00600626448</string>
			<key>isa</key>
			<string>PBXBuildFile</string>
		</dict>
		<key>AEAE24E517CAB08300DA265B</key>
		<dict>
			<key>isa</key>
			<string>PBXFileReference</string>
			<key>lastKnownFileType</key>
			<string>image.png</string>
			<key>path</key>
			<string>cancel.png</string>
			<key>sourceTree</key>
			<string>&lt;group&gt;</string>
		</dict>
		<key>AEAE24E617CAB08300DA265B</key>
		<dict>
			<key>isa</key>
			<string>PBXFileReference</string>
			<key>lastKnownFileType</key>
			<string>image.png</string>
			<key>path</key>
			<string>cancel@2x.png</string>
			<key>sourceTree</key>
			<string>&lt;group&gt;</string>
		</dict>
		<key>AEAE24E717CAB08300DA265B</key>
		<dict>
			<key>isa</key>
			<string>PBXFileReference</string>
			<key>lastKnownFileType</key>
			<string>image.png</string>
			<key>path</key>
			<string>ok.png</string>
			<key>sourceTree</key>
			<string>&lt;group&gt;</string>
		</dict>
		<key>AEAE24E817CAB08300DA265B</key>
		<dict>
			<key>isa</key>
			<string>PBXFileReference</string>
			<key>lastKnownFileType</key>
			<string>image.png</string>
			<key>path</key>
			<string>ok@2x.png</string>
			<key>sourceTree</key>
			<string>&lt;group&gt;</string>
		</dict>
		<key>AEAE24E917CAB08300DA265B</key>
		<dict>
			<key>isa</key>
			<string>PBXFileReference</string>
			<key>lastKnownFileType</key>
			<string>image.png</string>
			<key>path</key>
			<string>settings.png</string>
			<key>sourceTree</key>
			<string>&lt;group&gt;</string>
		</dict>
		<key>AEAE24EA17CAB08300DA265B</key>
		<dict>
			<key>isa</key>
			<string>PBXFileReference</string>
			<key>lastKnownFileType</key>
			<string>image.png</string>
			<key>path</key>
			<string>settings@2x.png</string>
			<key>sourceTree</key>
			<string>&lt;group&gt;</string>
		</dict>
		<key>AEAE24EB17CAB08300DA265B</key>
		<dict>
			<key>fileRef</key>
			<string>AEAE24E517CAB08300DA265B</string>
			<key>isa</key>
			<string>PBXBuildFile</string>
		</dict>
		<key>AEAE24EC17CAB08300DA265B</key>
		<dict>
			<key>fileRef</key>
			<string>AEAE24E617CAB08300DA265B</string>
			<key>isa</key>
			<string>PBXBuildFile</string>
		</dict>
		<key>AEAE24ED17CAB08300DA265B</key>
		<dict>
			<key>fileRef</key>
			<string>AEAE24E717CAB08300DA265B</string>
			<key>isa</key>
			<string>PBXBuildFile</string>
		</dict>
		<key>AEAE24EE17CAB08300DA265B</key>
		<dict>
			<key>fileRef</key>
			<string>AEAE24E817CAB08300DA265B</string>
			<key>isa</key>
			<string>PBXBuildFile</string>
		</dict>
		<key>AEAE24EF17CAB08300DA265B</key>
		<dict>
			<key>fileRef</key>
			<string>AEAE24E917CAB08300DA265B</string>
			<key>isa</key>
			<string>PBXBuildFile</string>
		</dict>
		<key>AEAE24F017CAB08300DA265B</key>
		<dict>
			<key>fileRef</key>
			<string>AEAE24EA17CAB08300DA265B</string>
			<key>isa</key>
			<string>PBXBuildFile</string>
		</dict>
		<key>AEB3E4EA18ECEDA400E6A5FA</key>
		<dict>
			<key>fileEncoding</key>
			<string>4</string>
			<key>isa</key>
			<string>PBXFileReference</string>
			<key>lastKnownFileType</key>
			<string>sourcecode.c.h</string>
			<key>path</key>
			<string>TTModalDelegate.h</string>
			<key>sourceTree</key>
			<string>&lt;group&gt;</string>
		</dict>
		<key>AEB3E4FB18EE31BF00E6A5FA</key>
		<dict>
			<key>fileEncoding</key>
			<string>4</string>
			<key>isa</key>
			<string>PBXFileReference</string>
			<key>lastKnownFileType</key>
			<string>sourcecode.c.h</string>
			<key>path</key>
			<string>TTBaseVc.h</string>
			<key>sourceTree</key>
			<string>&lt;group&gt;</string>
		</dict>
		<key>AEB3E4FC18EE31BF00E6A5FA</key>
		<dict>
			<key>fileEncoding</key>
			<string>4</string>
			<key>isa</key>
			<string>PBXFileReference</string>
			<key>lastKnownFileType</key>
			<string>sourcecode.c.objc</string>
			<key>path</key>
			<string>TTBaseVc.m</string>
			<key>sourceTree</key>
			<string>&lt;group&gt;</string>
		</dict>
		<key>AEB3E4FD18EE31BF00E6A5FA</key>
		<dict>
			<key>fileRef</key>
			<string>AEB3E4FC18EE31BF00E6A5FA</string>
			<key>isa</key>
			<string>PBXBuildFile</string>
		</dict>
		<key>AEB3E50018EE34B000E6A5FA</key>
		<dict>
			<key>fileEncoding</key>
			<string>4</string>
			<key>isa</key>
			<string>PBXFileReference</string>
			<key>lastKnownFileType</key>
			<string>sourcecode.c.objc</string>
			<key>name</key>
			<string>TTAppDelegateSpec.m</string>
			<key>path</key>
			<string>Toastmasters Timer Tests/TTAppDelegateSpec.m</string>
			<key>sourceTree</key>
			<string>&lt;group&gt;</string>
		</dict>
		<key>AEB3E50118EE34B000E6A5FA</key>
		<dict>
			<key>fileRef</key>
			<string>AEB3E50018EE34B000E6A5FA</string>
			<key>isa</key>
			<string>PBXBuildFile</string>
		</dict>
		<key>AEB3E50218EE380800E6A5FA</key>
		<dict>
			<key>fileEncoding</key>
			<string>4</string>
			<key>isa</key>
			<string>PBXFileReference</string>
			<key>lastKnownFileType</key>
			<string>sourcecode.c.objc</string>
			<key>name</key>
			<string>TTBaseVcSpec.m</string>
			<key>path</key>
			<string>Toastmasters Timer Tests/TTBaseVcSpec.m</string>
			<key>sourceTree</key>
			<string>&lt;group&gt;</string>
		</dict>
		<key>AEB3E50318EE380800E6A5FA</key>
		<dict>
			<key>fileRef</key>
			<string>AEB3E50218EE380800E6A5FA</string>
			<key>isa</key>
			<string>PBXBuildFile</string>
		</dict>
		<key>AEBAF2F317E7D9B000BA9479</key>
		<dict>
			<key>isa</key>
			<string>PBXFileReference</string>
			<key>lastKnownFileType</key>
			<string>image.png</string>
			<key>path</key>
			<string>info.png</string>
			<key>sourceTree</key>
			<string>&lt;group&gt;</string>
		</dict>
		<key>AEBAF2F417E7D9B000BA9479</key>
		<dict>
			<key>isa</key>
			<string>PBXFileReference</string>
			<key>lastKnownFileType</key>
			<string>image.png</string>
			<key>path</key>
			<string>info@2x.png</string>
			<key>sourceTree</key>
			<string>&lt;group&gt;</string>
		</dict>
		<key>AEBAF2F517E7D9B000BA9479</key>
		<dict>
			<key>fileRef</key>
			<string>AEBAF2F317E7D9B000BA9479</string>
			<key>isa</key>
			<string>PBXBuildFile</string>
		</dict>
		<key>AEBAF2F617E7D9B000BA9479</key>
		<dict>
			<key>fileRef</key>
			<string>AEBAF2F417E7D9B000BA9479</string>
			<key>isa</key>
			<string>PBXBuildFile</string>
		</dict>
		<key>AECC0AF21856B61400815DA2</key>
		<dict>
			<key>fileEncoding</key>
			<string>4</string>
			<key>isa</key>
			<string>PBXFileReference</string>
			<key>lastKnownFileType</key>
			<string>sourcecode.c.h</string>
			<key>path</key>
			<string>SGSection.h</string>
			<key>sourceTree</key>
			<string>&lt;group&gt;</string>
		</dict>
		<key>AECC0AF31856B61400815DA2</key>
		<dict>
			<key>fileEncoding</key>
			<string>4</string>
			<key>isa</key>
			<string>PBXFileReference</string>
			<key>lastKnownFileType</key>
			<string>sourcecode.c.objc</string>
			<key>path</key>
			<string>SGSection.m</string>
			<key>sourceTree</key>
			<string>&lt;group&gt;</string>
		</dict>
		<key>AECC0AF41856B61400815DA2</key>
		<dict>
			<key>fileRef</key>
			<string>AECC0AF31856B61400815DA2</string>
			<key>isa</key>
			<string>PBXBuildFile</string>
		</dict>
		<key>AECC0AF8185AA97500815DA2</key>
		<dict>
			<key>isa</key>
			<string>PBXFileReference</string>
			<key>lastKnownFileType</key>
			<string>folder.assetcatalog</string>
			<key>name</key>
			<string>Images.xcassets</string>
			<key>path</key>
			<string>../Images.xcassets</string>
			<key>sourceTree</key>
			<string>&lt;group&gt;</string>
		</dict>
		<key>AECC0AF9185AA97500815DA2</key>
		<dict>
			<key>fileRef</key>
			<string>AECC0AF8185AA97500815DA2</string>
			<key>isa</key>
			<string>PBXBuildFile</string>
		</dict>
		<key>AEDA15A117BDB2F300AC9DBA</key>
		<dict>
			<key>isa</key>
			<string>PBXFileReference</string>
			<key>lastKnownFileType</key>
			<string>wrapper.framework</string>
			<key>name</key>
			<string>AudioToolbox.framework</string>
			<key>path</key>
			<string>System/Library/Frameworks/AudioToolbox.framework</string>
			<key>sourceTree</key>
			<string>SDKROOT</string>
		</dict>
		<key>AEDA15A217BDB2F300AC9DBA</key>
		<dict>
			<key>fileRef</key>
			<string>AEDA15A117BDB2F300AC9DBA</string>
			<key>isa</key>
			<string>PBXBuildFile</string>
		</dict>
		<key>AEE1D65018B9C773006FF6C2</key>
		<dict>
			<key>fileEncoding</key>
			<string>4</string>
			<key>isa</key>
			<string>PBXFileReference</string>
			<key>lastKnownFileType</key>
			<string>sourcecode.c.objc</string>
			<key>name</key>
			<string>TTTimerVCSpec.m</string>
			<key>path</key>
			<string>Toastmasters Timer Tests/TTTimerVCSpec.m</string>
			<key>sourceTree</key>
			<string>&lt;group&gt;</string>
		</dict>
		<key>AEE1D65118B9C773006FF6C2</key>
		<dict>
			<key>fileRef</key>
			<string>AEE1D65018B9C773006FF6C2</string>
			<key>isa</key>
			<string>PBXBuildFile</string>
		</dict>
		<key>AEE1D65218B9CC3B006FF6C2</key>
		<dict>
			<key>fileEncoding</key>
			<string>4</string>
			<key>isa</key>
			<string>PBXFileReference</string>
			<key>lastKnownFileType</key>
			<string>sourcecode.c.h</string>
			<key>name</key>
			<string>TTSpecHelper.h</string>
			<key>path</key>
			<string>Toastmasters Timer Tests/TTSpecHelper.h</string>
			<key>sourceTree</key>
			<string>&lt;group&gt;</string>
		</dict>
		<key>AEE1D65318B9CC3B006FF6C2</key>
		<dict>
			<key>fileEncoding</key>
			<string>4</string>
			<key>isa</key>
			<string>PBXFileReference</string>
			<key>lastKnownFileType</key>
			<string>sourcecode.c.objc</string>
			<key>name</key>
			<string>TTSpecHelper.m</string>
			<key>path</key>
			<string>Toastmasters Timer Tests/TTSpecHelper.m</string>
			<key>sourceTree</key>
			<string>&lt;group&gt;</string>
		</dict>
		<key>AEE1D65418B9CC3B006FF6C2</key>
		<dict>
			<key>fileRef</key>
			<string>AEE1D65318B9CC3B006FF6C2</string>
			<key>isa</key>
			<string>PBXBuildFile</string>
		</dict>
		<key>AEE1D65518BAB2A3006FF6C2</key>
		<dict>
			<key>children</key>
			<array>
				<string>AEB3E50218EE380800E6A5FA</string>
				<string>AE06488418B91E0F006902A4</string>
				<string>AEE1D65018B9C773006FF6C2</string>
				<string>AE07586718BAB4570052784C</string>
				<string>AE393C0A18DF427B0058AEC6</string>
				<string>AEB3E50018EE34B000E6A5FA</string>
			</array>
			<key>isa</key>
			<string>PBXGroup</string>
			<key>name</key>
			<string>Specs</string>
			<key>sourceTree</key>
			<string>&lt;group&gt;</string>
		</dict>
		<key>AEF3115A17E90DB500D10C32</key>
		<dict>
			<key>isa</key>
			<string>PBXFileReference</string>
			<key>lastKnownFileType</key>
			<string>image.png</string>
			<key>path</key>
			<string>icon120.png</string>
			<key>sourceTree</key>
			<string>&lt;group&gt;</string>
		</dict>
		<key>AEF3115B17E90DB500D10C32</key>
		<dict>
			<key>fileRef</key>
			<string>AEF3115A17E90DB500D10C32</string>
			<key>isa</key>
			<string>PBXBuildFile</string>
		</dict>
		<key>AEF3115C17E90EB800D10C32</key>
		<dict>
			<key>isa</key>
			<string>PBXFileReference</string>
			<key>lastKnownFileType</key>
			<string>image.png</string>
			<key>path</key>
			<string>icon29.png</string>
			<key>sourceTree</key>
			<string>&lt;group&gt;</string>
		</dict>
		<key>AEF3115D17E90EB800D10C32</key>
		<dict>
			<key>isa</key>
			<string>PBXFileReference</string>
			<key>lastKnownFileType</key>
			<string>image.png</string>
			<key>path</key>
			<string>icon29@2x.png</string>
			<key>sourceTree</key>
			<string>&lt;group&gt;</string>
		</dict>
		<key>AEF3115E17E90EB800D10C32</key>
		<dict>
			<key>isa</key>
			<string>PBXFileReference</string>
			<key>lastKnownFileType</key>
			<string>image.png</string>
			<key>path</key>
			<string>icon80.png</string>
			<key>sourceTree</key>
			<string>&lt;group&gt;</string>
		</dict>
		<key>AEF3115F17E90EB800D10C32</key>
		<dict>
			<key>fileRef</key>
			<string>AEF3115C17E90EB800D10C32</string>
			<key>isa</key>
			<string>PBXBuildFile</string>
		</dict>
		<key>AEF3116017E90EB800D10C32</key>
		<dict>
			<key>fileRef</key>
			<string>AEF3115D17E90EB800D10C32</string>
			<key>isa</key>
			<string>PBXBuildFile</string>
		</dict>
		<key>AEF3116117E90EB800D10C32</key>
		<dict>
			<key>fileRef</key>
			<string>AEF3115E17E90EB800D10C32</string>
			<key>isa</key>
			<string>PBXBuildFile</string>
		</dict>
		<key>AEF3116217E911C000D10C32</key>
		<dict>
			<key>isa</key>
			<string>PBXFileReference</string>
			<key>lastKnownFileType</key>
			<string>image.png</string>
			<key>path</key>
			<string>Default-568h@2x.png</string>
			<key>sourceTree</key>
			<string>&lt;group&gt;</string>
		</dict>
		<key>AEF3116317E911C000D10C32</key>
		<dict>
			<key>isa</key>
			<string>PBXFileReference</string>
			<key>lastKnownFileType</key>
			<string>image.png</string>
			<key>path</key>
			<string>Default.png</string>
			<key>sourceTree</key>
			<string>&lt;group&gt;</string>
		</dict>
		<key>AEF3116417E911C000D10C32</key>
		<dict>
			<key>isa</key>
			<string>PBXFileReference</string>
			<key>lastKnownFileType</key>
			<string>image.png</string>
			<key>path</key>
			<string>Default@2x.png</string>
			<key>sourceTree</key>
			<string>&lt;group&gt;</string>
		</dict>
		<key>AEF3116517E911C000D10C32</key>
		<dict>
			<key>fileRef</key>
			<string>AEF3116217E911C000D10C32</string>
			<key>isa</key>
			<string>PBXBuildFile</string>
		</dict>
		<key>AEF3116617E911C000D10C32</key>
		<dict>
			<key>fileRef</key>
			<string>AEF3116317E911C000D10C32</string>
			<key>isa</key>
			<string>PBXBuildFile</string>
		</dict>
		<key>AEF3116717E911C000D10C32</key>
		<dict>
			<key>fileRef</key>
			<string>AEF3116417E911C000D10C32</string>
			<key>isa</key>
			<string>PBXBuildFile</string>
		</dict>
		<key>B4CF1A3C75604EC39B94C368</key>
		<dict>
			<key>includeInIndex</key>
			<string>1</string>
			<key>isa</key>
			<string>PBXFileReference</string>
			<key>lastKnownFileType</key>
			<string>text.xcconfig</string>
			<key>name</key>
			<string>Pods.xcconfig</string>
			<key>path</key>
			<string>../Pods/Pods.xcconfig</string>
			<key>sourceTree</key>
			<string>&lt;group&gt;</string>
		</dict>
		<key>D922069EBAB54014839BEFB7</key>
		<dict>
			<key>explicitFileType</key>
			<string>archive.ar</string>
			<key>includeInIndex</key>
			<string>0</string>
			<key>isa</key>
			<string>PBXFileReference</string>
			<key>path</key>
			<string>libPods-Toastmasters Timer Tests.a</string>
			<key>sourceTree</key>
			<string>BUILT_PRODUCTS_DIR</string>
		</dict>
		<key>DAE3F2B8B7D94D5CBB85ED05</key>
		<dict>
			<key>buildActionMask</key>
			<string>2147483647</string>
			<key>files</key>
			<array/>
			<key>inputPaths</key>
			<array/>
			<key>isa</key>
			<string>PBXShellScriptBuildPhase</string>
			<key>name</key>
			<string>Copy Pods Resources</string>
			<key>outputPaths</key>
			<array/>
			<key>runOnlyForDeploymentPostprocessing</key>
			<string>0</string>
			<key>shellPath</key>
			<string>/bin/sh</string>
			<key>shellScript</key>
			<string>"${SRCROOT}/Pods/Pods-resources.sh"
</string>
			<key>showEnvVarsInLog</key>
			<string>0</string>
		</dict>
		<key>F6079043BE5B41BE8CD19E37</key>
		<dict>
			<key>buildActionMask</key>
			<string>2147483647</string>
			<key>files</key>
			<array/>
			<key>inputPaths</key>
			<array/>
			<key>isa</key>
			<string>PBXShellScriptBuildPhase</string>
			<key>name</key>
			<string>Check Pods Manifest.lock</string>
			<key>outputPaths</key>
			<array/>
			<key>runOnlyForDeploymentPostprocessing</key>
			<string>0</string>
			<key>shellPath</key>
			<string>/bin/sh</string>
			<key>shellScript</key>
			<string>diff "${PODS_ROOT}/../Podfile.lock" "${PODS_ROOT}/Manifest.lock" &gt; /dev/null
if [[ $? != 0 ]] ; then
    cat &lt;&lt; EOM
error: The sandbox is not in sync with the Podfile.lock. Run 'pod install' or update your CocoaPods installation.
EOM
    exit 1
fi
</string>
			<key>showEnvVarsInLog</key>
			<string>0</string>
		</dict>
		<key>FDF4590CAB9E48DCA7FF886C</key>
		<dict>
			<key>explicitFileType</key>
			<string>archive.ar</string>
			<key>includeInIndex</key>
			<string>0</string>
			<key>isa</key>
			<string>PBXFileReference</string>
			<key>path</key>
			<string>libPods-Toastmasters TimerTests.a</string>
			<key>sourceTree</key>
			<string>BUILT_PRODUCTS_DIR</string>
		</dict>
	</dict>
	<key>rootObject</key>
	<string>AE72239D17BDAB65003B60A5</string>
</dict>
</plist>
